{
    "name": "frida-bridges",
    "version": "1.0.0",
    "lockfileVersion": 3,
    "requires": true,
    "packages": {
        "": {
            "name": "frida-bridges",
            "version": "1.0.0",
            "dependencies": {
                "frida-java-bridge": "^7.0.12",
                "frida-objc-bridge": "^8.0.6",
                "frida-swift-bridge": "^3.0.2"
            },
            "devDependencies": {
                "@frida/rollup-plugin-node-polyfills": "^3.0.1",
                "@rollup/plugin-node-resolve": "^16.0.1",
                "@rollup/plugin-terser": "^0.4.4",
                "@rollup/plugin-typescript": "^12.1.2",
                "rollup": "^4.41.0",
                "tslib": "^2.8.1",
                "typescript": "^5.8.3"
            }
        },
        "node_modules/@frida/assert": {
            "version": "3.0.2",
            "resolved": "https://registry.npmjs.org/@frida/assert/-/assert-3.0.2.tgz",
            "integrity": "sha512-JXJq5SbXGrM5EkjrZKfRmB29zOoEOix02NC6A5TSJ+C1GE/X051EinJJsuOO2pEOx7KZwpvAHvS0WXW0+levKg==",
            "dev": true,
            "license": "MIT"
        },
        "node_modules/@frida/base64-js": {
            "version": "2.0.3",
            "resolved": "https://registry.npmjs.org/@frida/base64-js/-/base64-js-2.0.3.tgz",
            "integrity": "sha512-2w0F+1TynOTCZ/v7du9LdHPWwq0lJhazjo2fF9upMyQmA1zHetT14fLuQ1v/6T0qPgyeEGkiSrybstU8EsgeUA==",
            "dev": true,
            "funding": [
                {
                    "type": "github",
                    "url": "https://github.com/sponsors/feross"
                },
                {
                    "type": "patreon",
                    "url": "https://www.patreon.com/feross"
                },
                {
                    "type": "consulting",
                    "url": "https://feross.org/support"
                }
            ],
            "license": "MIT"
        },
        "node_modules/@frida/buffer": {
            "version": "7.0.4",
            "resolved": "https://registry.npmjs.org/@frida/buffer/-/buffer-7.0.4.tgz",
            "integrity": "sha512-RxQ1lZRRiCJj7nhcCiD8xeJx0NsLpGGnjqsmTg7jShGmbnVFMN5W7+J+3gqdPSQhc/IxNBIWc6zRXVp4+qnYHg==",
            "dev": true,
            "funding": [
                {
                    "type": "github",
                    "url": "https://github.com/sponsors/feross"
                },
                {
                    "type": "patreon",
                    "url": "https://www.patreon.com/feross"
                },
                {
                    "type": "consulting",
                    "url": "https://feross.org/support"
                }
            ],
            "license": "MIT",
            "dependencies": {
                "base64-js": "^1.5.1",
                "ieee754": "^1.2.1"
            }
        },
        "node_modules/@frida/crypto": {
            "version": "1.0.1",
            "resolved": "https://registry.npmjs.org/@frida/crypto/-/crypto-1.0.1.tgz",
            "integrity": "sha512-WXTkVjESvX8TIVXIynJJv9BKSIdQP0Iis04StIXknkDi1ULdMlrypA9p5C4KW1H6GCkNsVnKbybpzsulYCTvag==",
            "dev": true,
            "license": "MIT"
        },
        "node_modules/@frida/diagnostics_channel": {
            "version": "1.0.0",
            "resolved": "https://registry.npmjs.org/@frida/diagnostics_channel/-/diagnostics_channel-1.0.0.tgz",
            "integrity": "sha512-mYX1jp/5Bpk24tHArJNx65iCk7qSuV8YJkdU0gFNVtJUXxfV8BG5WuPa4mL+ynxsbWWpsg/cwKZbLAepYKTdQQ==",
            "dev": true,
            "license": "MIT"
        },
        "node_modules/@frida/events": {
            "version": "4.0.4",
            "resolved": "https://registry.npmjs.org/@frida/events/-/events-4.0.4.tgz",
            "integrity": "sha512-qJVQ6VWHf9sjUKuiJzoCAC00frbpcwxeYfvQ+PP9LU/d70j+QvjWgYe98Qa3ekLaBU6r/AvWm8ThKCDUCLWrQQ==",
            "dev": true,
            "license": "MIT",
            "engines": {
                "node": ">=0.8.x"
            }
        },
        "node_modules/@frida/http": {
            "version": "4.0.2",
            "resolved": "https://registry.npmjs.org/@frida/http/-/http-4.0.2.tgz",
            "integrity": "sha512-cvkc7ex7GmVXVOWqtjXKBWUUbYEBgpNRKZbEEoMeI8KiIs8zejKwg+N7rx7296Ao+EP3+xcUr4wBVr3xLaUVfQ==",
            "dev": true,
            "license": "MIT",
            "dependencies": {
                "http-parser-js": "^0.5.3"
            }
        },
        "node_modules/@frida/http-parser-js": {
            "version": "1.0.0",
            "resolved": "https://registry.npmjs.org/@frida/http-parser-js/-/http-parser-js-1.0.0.tgz",
            "integrity": "sha512-2nMrNXt/OeTlWbqnE8AH4Sfz4I2+BGoN206dzKEyC/g2svtn83Xu+zuv/V3TkwrA27s26Mcy84ZwsXeNlqNxUQ==",
            "dev": true,
            "license": "MIT"
        },
        "node_modules/@frida/https": {
            "version": "1.0.0",
            "resolved": "https://registry.npmjs.org/@frida/https/-/https-1.0.0.tgz",
            "integrity": "sha512-OiqQ6qsALcWOktRLq07oJ0i6sH8eX6MXb/MdZS1qVKDRf6wchH4Pjn6fiLB+pt/OlYbggk+DOfpHwSdjTwuHMQ==",
            "dev": true,
            "license": "MIT"
        },
        "node_modules/@frida/ieee754": {
            "version": "2.0.2",
            "resolved": "https://registry.npmjs.org/@frida/ieee754/-/ieee754-2.0.2.tgz",
            "integrity": "sha512-wlcUebnne4ENN7GDr5pTH598ZDLMVOsh0FjenxeVOe6u7ewZkz9gGRnLnZKJAm9kl5G6XhdxhI0cSXVQK/rQUw==",
            "dev": true,
            "funding": [
                {
                    "type": "github",
                    "url": "https://github.com/sponsors/feross"
                },
                {
                    "type": "patreon",
                    "url": "https://www.patreon.com/feross"
                },
                {
                    "type": "consulting",
                    "url": "https://feross.org/support"
                }
            ],
            "license": "BSD-3-Clause"
        },
        "node_modules/@frida/net": {
            "version": "4.0.2",
            "resolved": "https://registry.npmjs.org/@frida/net/-/net-4.0.2.tgz",
            "integrity": "sha512-qQRe7hQ+ZfCcG/SE3P1TRqQ9bmuK/T7wPCYaT4z56rBPWAxsaQbQHpX4fR6OrFaSDr7X0xJLsTbdIp9hGhhLZg==",
            "dev": true,
            "license": "MIT"
        },
        "node_modules/@frida/os": {
            "version": "1.0.2",
            "resolved": "https://registry.npmjs.org/@frida/os/-/os-1.0.2.tgz",
            "integrity": "sha512-3ISAiGNiyIya3QN2EHBCz1wqP0enTdSxP99wUeroeh8+AQRmgoOr/5TRnrVry8pe378anay3fmV/tdUMMSkehQ==",
            "dev": true,
            "license": "MIT"
        },
        "node_modules/@frida/path": {
            "version": "2.0.3",
            "resolved": "https://registry.npmjs.org/@frida/path/-/path-2.0.3.tgz",
            "integrity": "sha512-2RQy36QatoC846fzBhBhV8sXMsSOBGoYvwTHeaE1zUdz7F4RNScP4QEekTTooBYWYX/XjiF36KQpYAzc9OYFtg==",
            "dev": true,
            "license": "MIT"
        },
        "node_modules/@frida/process": {
            "version": "1.2.1",
            "resolved": "https://registry.npmjs.org/@frida/process/-/process-1.2.1.tgz",
            "integrity": "sha512-nvCu22DstFW2ttGFtOKekHM7vnjbZm+XgtvavOt427GNT6uV7k0JYK9tnMbcLMRWv57DG6udAmuJlWs8Paq1ag==",
            "dev": true,
            "license": "MIT"
        },
        "node_modules/@frida/punycode": {
            "version": "3.0.0",
            "resolved": "https://registry.npmjs.org/@frida/punycode/-/punycode-3.0.0.tgz",
            "integrity": "sha512-XVSDY2KamDs1D5/fTVgHcOSNxdU4kTboxzqJMBbTjcQC7XScIT9c0EfbwKCq7Kci6gWQdsHSCr7lU+9Oc4KAdg==",
            "dev": true,
            "license": "MIT"
        },
        "node_modules/@frida/querystring": {
            "version": "1.0.0",
            "resolved": "https://registry.npmjs.org/@frida/querystring/-/querystring-1.0.0.tgz",
            "integrity": "sha512-15m1fOZPmoO/vWlgPJrG/J9/BJDz6a2/JpVGpS8ynNzo+fBhTznaStX5nHxUs24mVTqh/OqLo0EiYJM5WWHXxg==",
            "dev": true,
            "license": "MIT"
        },
        "node_modules/@frida/readable-stream": {
            "version": "4.1.3",
            "resolved": "https://registry.npmjs.org/@frida/readable-stream/-/readable-stream-4.1.3.tgz",
            "integrity": "sha512-ntGUFmi+CryRGRJIK13a/VST2Ad19uivbln8Xd92vKPAARq+6vMIASDyZIqyl5BLRccfiyCHdYgrgQ6RI5rUig==",
            "dev": true,
            "license": "MIT"
        },
        "node_modules/@frida/reserved-words": {
            "version": "1.0.0",
            "resolved": "https://registry.npmjs.org/@frida/reserved-words/-/reserved-words-1.0.0.tgz",
            "integrity": "sha512-2yG/XxJlsGlk/mm6eZTb4OAaQEhkTI2qaFfZFtAsrA/XuCpuMWkS4y/guyBlsRu4hAuhK2HPmNM8+OLLK1zM9Q==",
            "dev": true,
            "license": "MIT"
        },
        "node_modules/@frida/rollup-plugin-node-polyfills": {
            "version": "3.0.1",
            "resolved": "https://registry.npmjs.org/@frida/rollup-plugin-node-polyfills/-/rollup-plugin-node-polyfills-3.0.1.tgz",
            "integrity": "sha512-w4dx05ot8aIGeo8I+1sSObAoFxwebLdrhHCwpcmnJcju5FmUWNtrDLSHp8Ev8w3A+M3Mw0p9osd8b9d3Il/iMA==",
            "dev": true,
            "license": "MIT",
            "dependencies": {
                "@frida/assert": "^3.0.2",
                "@frida/base64-js": "^2.0.3",
                "@frida/buffer": "^7.0.4",
                "@frida/crypto": "^1.0.1",
                "@frida/diagnostics_channel": "^1.0.0",
                "@frida/events": "^4.0.4",
                "@frida/http": "^4.0.2",
                "@frida/http-parser-js": "^1.0.0",
                "@frida/https": "^1.0.0",
                "@frida/ieee754": "^2.0.2",
                "@frida/net": "^4.0.2",
                "@frida/os": "^1.0.2",
                "@frida/path": "^2.0.3",
                "@frida/process": "^1.2.1",
                "@frida/punycode": "^3.0.0",
                "@frida/querystring": "^1.0.0",
                "@frida/readable-stream": "^4.1.3",
                "@frida/reserved-words": "^1.0.0",
                "@frida/stream": "^1.0.2",
                "@frida/string_decoder": "^2.0.0",
                "@frida/timers": "^3.0.0",
                "@frida/tty": "^1.0.0",
                "@frida/url": "^1.0.2",
                "@frida/util": "^1.0.3",
                "@frida/vm": "^2.0.0",
                "@rollup/plugin-inject": "^5.0.5",
                "frida-fs": "^6.0.0"
            }
        },
        "node_modules/@frida/stream": {
            "version": "1.0.2",
            "resolved": "https://registry.npmjs.org/@frida/stream/-/stream-1.0.2.tgz",
            "integrity": "sha512-4OuaC1ztmEKgTq3WeBhsy8Oq+AwW9n9cYnvLklcC9jwD93AEwgbWpecLlxJCVuALvTMdhKPg0nQVfyGYP/i9Bw==",
            "dev": true,
            "license": "MIT",
            "dependencies": {
                "@frida/readable-stream": "^4.1.3"
            }
        },
        "node_modules/@frida/string_decoder": {
            "version": "2.0.0",
            "resolved": "https://registry.npmjs.org/@frida/string_decoder/-/string_decoder-2.0.0.tgz",
            "integrity": "sha512-in371tYZMHQiW9HF5MS3JDw6Ao6tyBoq34UWy2rzOswYyMG1rpizh85ofi/yVkxDiaqybEZefxzkVittpPGT6g==",
            "dev": true,
            "license": "MIT"
        },
        "node_modules/@frida/timers": {
            "version": "3.0.0",
            "resolved": "https://registry.npmjs.org/@frida/timers/-/timers-3.0.0.tgz",
            "integrity": "sha512-3b+0igv10aT8TMxefrTAd06rActqbxJLY2Xkkq9vYcPBffB/yHszl0NYIp/5ko8WC3ecDYPU6bQiY6fjs72zTA==",
            "dev": true,
            "license": "MIT"
        },
        "node_modules/@frida/tty": {
            "version": "1.0.0",
            "resolved": "https://registry.npmjs.org/@frida/tty/-/tty-1.0.0.tgz",
            "integrity": "sha512-p/kjLnKYxEAB1MdYP8+5rKv9CsHzyA+0jg9BcGETzjQVKHHcroHDULRxDYUh+DC7qs6cpX8QdDQh9E+a6ydgsQ==",
            "dev": true,
            "license": "MIT"
        },
        "node_modules/@frida/url": {
            "version": "1.0.2",
            "resolved": "https://registry.npmjs.org/@frida/url/-/url-1.0.2.tgz",
            "integrity": "sha512-ZKunbKJHMr8w2Eb/5K1avy0MzK1B998S17wYXNv3RmzBGxMm8S5T0F3qEpRxkU7/72P8m4izyQU87fWl+FjQsQ==",
            "dev": true,
            "license": "MIT",
            "dependencies": {
                "@frida/punycode": "^3.0.0",
                "@frida/querystring": "^1.0.0"
            }
        },
        "node_modules/@frida/util": {
            "version": "1.0.3",
            "resolved": "https://registry.npmjs.org/@frida/util/-/util-1.0.3.tgz",
            "integrity": "sha512-htcG3uDiRXv89ERVNNYhfase39kJ2X75ZARfrYcYEtJLFEsSk0nemM1YnEIR4CjrHvdvkWHrwgKkS+acOyoNEg==",
            "dev": true,
            "license": "MIT"
        },
        "node_modules/@frida/vm": {
            "version": "2.0.0",
            "resolved": "https://registry.npmjs.org/@frida/vm/-/vm-2.0.0.tgz",
            "integrity": "sha512-7fsjLWscZT5odNIBtg6qbLNI+vAk1xmii6H5W2kaYkMYt0vRohQEcDSUWacA+eaWlu5SvMjZI82Yibj/3G9pJw==",
            "dev": true,
            "license": "MIT"
        },
        "node_modules/@jridgewell/gen-mapping": {
            "version": "0.3.8",
            "resolved": "https://registry.npmjs.org/@jridgewell/gen-mapping/-/gen-mapping-0.3.8.tgz",
            "integrity": "sha512-imAbBGkb+ebQyxKgzv5Hu2nmROxoDOXHh80evxdoXNOrvAnVx7zimzc1Oo5h9RlfV4vPXaE2iM5pOFbvOCClWA==",
            "dev": true,
            "license": "MIT",
            "dependencies": {
                "@jridgewell/set-array": "^1.2.1",
                "@jridgewell/sourcemap-codec": "^1.4.10",
                "@jridgewell/trace-mapping": "^0.3.24"
            },
            "engines": {
                "node": ">=6.0.0"
            }
        },
        "node_modules/@jridgewell/resolve-uri": {
            "version": "3.1.2",
            "resolved": "https://registry.npmjs.org/@jridgewell/resolve-uri/-/resolve-uri-3.1.2.tgz",
            "integrity": "sha512-bRISgCIjP20/tbWSPWMEi54QVPRZExkuD9lJL+UIxUKtwVJA8wW1Trb1jMs1RFXo1CBTNZ/5hpC9QvmKWdopKw==",
            "dev": true,
            "license": "MIT",
            "engines": {
                "node": ">=6.0.0"
            }
        },
        "node_modules/@jridgewell/set-array": {
            "version": "1.2.1",
            "resolved": "https://registry.npmjs.org/@jridgewell/set-array/-/set-array-1.2.1.tgz",
            "integrity": "sha512-R8gLRTZeyp03ymzP/6Lil/28tGeGEzhx1q2k703KGWRAI1VdvPIXdG70VJc2pAMw3NA6JKL5hhFu1sJX0Mnn/A==",
            "dev": true,
            "license": "MIT",
            "engines": {
                "node": ">=6.0.0"
            }
        },
        "node_modules/@jridgewell/source-map": {
            "version": "0.3.6",
            "resolved": "https://registry.npmjs.org/@jridgewell/source-map/-/source-map-0.3.6.tgz",
            "integrity": "sha512-1ZJTZebgqllO79ue2bm3rIGud/bOe0pP5BjSRCRxxYkEZS8STV7zN84UBbiYu7jy+eCKSnVIUgoWWE/tt+shMQ==",
            "dev": true,
            "license": "MIT",
            "dependencies": {
                "@jridgewell/gen-mapping": "^0.3.5",
                "@jridgewell/trace-mapping": "^0.3.25"
            }
        },
        "node_modules/@jridgewell/sourcemap-codec": {
            "version": "1.5.0",
            "resolved": "https://registry.npmjs.org/@jridgewell/sourcemap-codec/-/sourcemap-codec-1.5.0.tgz",
            "integrity": "sha512-gv3ZRaISU3fjPAgNsriBRqGWQL6quFx04YMPW/zD8XMLsU32mhCCbfbO6KZFLjvYpCZ8zyDEgqsgf+PwPaM7GQ==",
            "dev": true,
            "license": "MIT"
        },
        "node_modules/@jridgewell/trace-mapping": {
            "version": "0.3.25",
            "resolved": "https://registry.npmjs.org/@jridgewell/trace-mapping/-/trace-mapping-0.3.25.tgz",
            "integrity": "sha512-vNk6aEwybGtawWmy/PzwnGDOjCkLWSD2wqvjGGAgOAwCGWySYXfYoxt00IJkTF+8Lb57DwOb3Aa0o9CApepiYQ==",
            "dev": true,
            "license": "MIT",
            "dependencies": {
                "@jridgewell/resolve-uri": "^3.1.0",
                "@jridgewell/sourcemap-codec": "^1.4.14"
            }
        },
        "node_modules/@rollup/plugin-inject": {
            "version": "5.0.5",
            "resolved": "https://registry.npmjs.org/@rollup/plugin-inject/-/plugin-inject-5.0.5.tgz",
            "integrity": "sha512-2+DEJbNBoPROPkgTDNe8/1YXWcqxbN5DTjASVIOx8HS+pITXushyNiBV56RB08zuptzz8gT3YfkqriTBVycepg==",
            "dev": true,
            "license": "MIT",
            "dependencies": {
                "@rollup/pluginutils": "^5.0.1",
                "estree-walker": "^2.0.2",
                "magic-string": "^0.30.3"
            },
            "engines": {
                "node": ">=14.0.0"
            },
            "peerDependencies": {
                "rollup": "^1.20.0||^2.0.0||^3.0.0||^4.0.0"
            },
            "peerDependenciesMeta": {
                "rollup": {
                    "optional": true
                }
            }
        },
        "node_modules/@rollup/plugin-node-resolve": {
            "version": "16.0.1",
            "resolved": "https://registry.npmjs.org/@rollup/plugin-node-resolve/-/plugin-node-resolve-16.0.1.tgz",
            "integrity": "sha512-tk5YCxJWIG81umIvNkSod2qK5KyQW19qcBF/B78n1bjtOON6gzKoVeSzAE8yHCZEDmqkHKkxplExA8KzdJLJpA==",
            "dev": true,
            "license": "MIT",
            "dependencies": {
                "@rollup/pluginutils": "^5.0.1",
                "@types/resolve": "1.20.2",
                "deepmerge": "^4.2.2",
                "is-module": "^1.0.0",
                "resolve": "^1.22.1"
            },
            "engines": {
                "node": ">=14.0.0"
            },
            "peerDependencies": {
                "rollup": "^2.78.0||^3.0.0||^4.0.0"
            },
            "peerDependenciesMeta": {
                "rollup": {
                    "optional": true
                }
            }
        },
        "node_modules/@rollup/plugin-terser": {
            "version": "0.4.4",
            "resolved": "https://registry.npmjs.org/@rollup/plugin-terser/-/plugin-terser-0.4.4.tgz",
            "integrity": "sha512-XHeJC5Bgvs8LfukDwWZp7yeqin6ns8RTl2B9avbejt6tZqsqvVoWI7ZTQrcNsfKEDWBTnTxM8nMDkO2IFFbd0A==",
            "dev": true,
            "license": "MIT",
            "dependencies": {
                "serialize-javascript": "^6.0.1",
                "smob": "^1.0.0",
                "terser": "^5.17.4"
            },
            "engines": {
                "node": ">=14.0.0"
            },
            "peerDependencies": {
                "rollup": "^2.0.0||^3.0.0||^4.0.0"
            },
            "peerDependenciesMeta": {
                "rollup": {
                    "optional": true
                }
            }
        },
        "node_modules/@rollup/plugin-typescript": {
            "version": "12.1.3",
            "resolved": "https://registry.npmjs.org/@rollup/plugin-typescript/-/plugin-typescript-12.1.3.tgz",
            "integrity": "sha512-gAx0AYwkyjqOw4JrZV34N/abvAobLhczyLkZ7FVL2UXPrO4zv8oqTfYT3DLBRan1EXasp4SUuEJXqPTk0gnJzw==",
            "dev": true,
            "license": "MIT",
            "dependencies": {
                "@rollup/pluginutils": "^5.1.0",
                "resolve": "^1.22.1"
            },
            "engines": {
                "node": ">=14.0.0"
            },
            "peerDependencies": {
                "rollup": "^2.14.0||^3.0.0||^4.0.0",
                "tslib": "*",
                "typescript": ">=3.7.0"
            },
            "peerDependenciesMeta": {
                "rollup": {
                    "optional": true
                },
                "tslib": {
                    "optional": true
                }
            }
        },
        "node_modules/@rollup/pluginutils": {
            "version": "5.2.0",
            "resolved": "https://registry.npmjs.org/@rollup/pluginutils/-/pluginutils-5.2.0.tgz",
            "integrity": "sha512-qWJ2ZTbmumwiLFomfzTyt5Kng4hwPi9rwCYN4SHb6eaRU1KNO4ccxINHr/VhH4GgPlt1XfSTLX2LBTme8ne4Zw==",
            "dev": true,
            "license": "MIT",
            "dependencies": {
                "@types/estree": "^1.0.0",
                "estree-walker": "^2.0.2",
                "picomatch": "^4.0.2"
            },
            "engines": {
                "node": ">=14.0.0"
            },
            "peerDependencies": {
                "rollup": "^1.20.0||^2.0.0||^3.0.0||^4.0.0"
            },
            "peerDependenciesMeta": {
                "rollup": {
                    "optional": true
                }
            }
        },
        "node_modules/@rollup/rollup-android-arm-eabi": {
            "version": "4.44.1",
            "resolved": "https://registry.npmjs.org/@rollup/rollup-android-arm-eabi/-/rollup-android-arm-eabi-4.44.1.tgz",
            "integrity": "sha512-JAcBr1+fgqx20m7Fwe1DxPUl/hPkee6jA6Pl7n1v2EFiktAHenTaXl5aIFjUIEsfn9w3HE4gK1lEgNGMzBDs1w==",
            "cpu": [
                "arm"
            ],
            "dev": true,
            "license": "MIT",
            "optional": true,
            "os": [
                "android"
            ]
        },
        "node_modules/@rollup/rollup-android-arm64": {
            "version": "4.44.1",
            "resolved": "https://registry.npmjs.org/@rollup/rollup-android-arm64/-/rollup-android-arm64-4.44.1.tgz",
            "integrity": "sha512-RurZetXqTu4p+G0ChbnkwBuAtwAbIwJkycw1n6GvlGlBuS4u5qlr5opix8cBAYFJgaY05TWtM+LaoFggUmbZEQ==",
            "cpu": [
                "arm64"
            ],
            "dev": true,
            "license": "MIT",
            "optional": true,
            "os": [
                "android"
            ]
        },
        "node_modules/@rollup/rollup-darwin-arm64": {
            "version": "4.44.1",
            "resolved": "https://registry.npmjs.org/@rollup/rollup-darwin-arm64/-/rollup-darwin-arm64-4.44.1.tgz",
            "integrity": "sha512-fM/xPesi7g2M7chk37LOnmnSTHLG/v2ggWqKj3CCA1rMA4mm5KVBT1fNoswbo1JhPuNNZrVwpTvlCVggv8A2zg==",
            "cpu": [
                "arm64"
            ],
            "dev": true,
            "license": "MIT",
            "optional": true,
            "os": [
                "darwin"
            ]
        },
        "node_modules/@rollup/rollup-darwin-x64": {
            "version": "4.44.1",
            "resolved": "https://registry.npmjs.org/@rollup/rollup-darwin-x64/-/rollup-darwin-x64-4.44.1.tgz",
            "integrity": "sha512-gDnWk57urJrkrHQ2WVx9TSVTH7lSlU7E3AFqiko+bgjlh78aJ88/3nycMax52VIVjIm3ObXnDL2H00e/xzoipw==",
            "cpu": [
                "x64"
            ],
            "dev": true,
            "license": "MIT",
            "optional": true,
            "os": [
                "darwin"
            ]
        },
        "node_modules/@rollup/rollup-freebsd-arm64": {
            "version": "4.44.1",
            "resolved": "https://registry.npmjs.org/@rollup/rollup-freebsd-arm64/-/rollup-freebsd-arm64-4.44.1.tgz",
            "integrity": "sha512-wnFQmJ/zPThM5zEGcnDcCJeYJgtSLjh1d//WuHzhf6zT3Md1BvvhJnWoy+HECKu2bMxaIcfWiu3bJgx6z4g2XA==",
            "cpu": [
                "arm64"
            ],
            "dev": true,
            "license": "MIT",
            "optional": true,
            "os": [
                "freebsd"
            ]
        },
        "node_modules/@rollup/rollup-freebsd-x64": {
            "version": "4.44.1",
            "resolved": "https://registry.npmjs.org/@rollup/rollup-freebsd-x64/-/rollup-freebsd-x64-4.44.1.tgz",
            "integrity": "sha512-uBmIxoJ4493YATvU2c0upGz87f99e3wop7TJgOA/bXMFd2SvKCI7xkxY/5k50bv7J6dw1SXT4MQBQSLn8Bb/Uw==",
            "cpu": [
                "x64"
            ],
            "dev": true,
            "license": "MIT",
            "optional": true,
            "os": [
                "freebsd"
            ]
        },
        "node_modules/@rollup/rollup-linux-arm-gnueabihf": {
            "version": "4.44.1",
            "resolved": "https://registry.npmjs.org/@rollup/rollup-linux-arm-gnueabihf/-/rollup-linux-arm-gnueabihf-4.44.1.tgz",
            "integrity": "sha512-n0edDmSHlXFhrlmTK7XBuwKlG5MbS7yleS1cQ9nn4kIeW+dJH+ExqNgQ0RrFRew8Y+0V/x6C5IjsHrJmiHtkxQ==",
            "cpu": [
                "arm"
            ],
            "dev": true,
            "license": "MIT",
            "optional": true,
            "os": [
                "linux"
            ]
        },
        "node_modules/@rollup/rollup-linux-arm-musleabihf": {
            "version": "4.44.1",
            "resolved": "https://registry.npmjs.org/@rollup/rollup-linux-arm-musleabihf/-/rollup-linux-arm-musleabihf-4.44.1.tgz",
            "integrity": "sha512-8WVUPy3FtAsKSpyk21kV52HCxB+me6YkbkFHATzC2Yd3yuqHwy2lbFL4alJOLXKljoRw08Zk8/xEj89cLQ/4Nw==",
            "cpu": [
                "arm"
            ],
            "dev": true,
            "license": "MIT",
            "optional": true,
            "os": [
                "linux"
            ]
        },
        "node_modules/@rollup/rollup-linux-arm64-gnu": {
            "version": "4.44.1",
            "resolved": "https://registry.npmjs.org/@rollup/rollup-linux-arm64-gnu/-/rollup-linux-arm64-gnu-4.44.1.tgz",
            "integrity": "sha512-yuktAOaeOgorWDeFJggjuCkMGeITfqvPgkIXhDqsfKX8J3jGyxdDZgBV/2kj/2DyPaLiX6bPdjJDTu9RB8lUPQ==",
            "cpu": [
                "arm64"
            ],
            "dev": true,
            "license": "MIT",
            "optional": true,
            "os": [
                "linux"
            ]
        },
        "node_modules/@rollup/rollup-linux-arm64-musl": {
            "version": "4.44.1",
            "resolved": "https://registry.npmjs.org/@rollup/rollup-linux-arm64-musl/-/rollup-linux-arm64-musl-4.44.1.tgz",
            "integrity": "sha512-W+GBM4ifET1Plw8pdVaecwUgxmiH23CfAUj32u8knq0JPFyK4weRy6H7ooxYFD19YxBulL0Ktsflg5XS7+7u9g==",
            "cpu": [
                "arm64"
            ],
            "dev": true,
            "license": "MIT",
            "optional": true,
            "os": [
                "linux"
            ]
        },
        "node_modules/@rollup/rollup-linux-loongarch64-gnu": {
            "version": "4.44.1",
            "resolved": "https://registry.npmjs.org/@rollup/rollup-linux-loongarch64-gnu/-/rollup-linux-loongarch64-gnu-4.44.1.tgz",
            "integrity": "sha512-1zqnUEMWp9WrGVuVak6jWTl4fEtrVKfZY7CvcBmUUpxAJ7WcSowPSAWIKa/0o5mBL/Ij50SIf9tuirGx63Ovew==",
            "cpu": [
                "loong64"
            ],
            "dev": true,
            "license": "MIT",
            "optional": true,
            "os": [
                "linux"
            ]
        },
        "node_modules/@rollup/rollup-linux-powerpc64le-gnu": {
            "version": "4.44.1",
            "resolved": "https://registry.npmjs.org/@rollup/rollup-linux-powerpc64le-gnu/-/rollup-linux-powerpc64le-gnu-4.44.1.tgz",
            "integrity": "sha512-Rl3JKaRu0LHIx7ExBAAnf0JcOQetQffaw34T8vLlg9b1IhzcBgaIdnvEbbsZq9uZp3uAH+JkHd20Nwn0h9zPjA==",
            "cpu": [
                "ppc64"
            ],
            "dev": true,
            "license": "MIT",
            "optional": true,
            "os": [
                "linux"
            ]
        },
        "node_modules/@rollup/rollup-linux-riscv64-gnu": {
            "version": "4.44.1",
            "resolved": "https://registry.npmjs.org/@rollup/rollup-linux-riscv64-gnu/-/rollup-linux-riscv64-gnu-4.44.1.tgz",
            "integrity": "sha512-j5akelU3snyL6K3N/iX7otLBIl347fGwmd95U5gS/7z6T4ftK288jKq3A5lcFKcx7wwzb5rgNvAg3ZbV4BqUSw==",
            "cpu": [
                "riscv64"
            ],
            "dev": true,
            "license": "MIT",
            "optional": true,
            "os": [
                "linux"
            ]
        },
        "node_modules/@rollup/rollup-linux-riscv64-musl": {
            "version": "4.44.1",
            "resolved": "https://registry.npmjs.org/@rollup/rollup-linux-riscv64-musl/-/rollup-linux-riscv64-musl-4.44.1.tgz",
            "integrity": "sha512-ppn5llVGgrZw7yxbIm8TTvtj1EoPgYUAbfw0uDjIOzzoqlZlZrLJ/KuiE7uf5EpTpCTrNt1EdtzF0naMm0wGYg==",
            "cpu": [
                "riscv64"
            ],
            "dev": true,
            "license": "MIT",
            "optional": true,
            "os": [
                "linux"
            ]
        },
        "node_modules/@rollup/rollup-linux-s390x-gnu": {
            "version": "4.44.1",
            "resolved": "https://registry.npmjs.org/@rollup/rollup-linux-s390x-gnu/-/rollup-linux-s390x-gnu-4.44.1.tgz",
            "integrity": "sha512-Hu6hEdix0oxtUma99jSP7xbvjkUM/ycke/AQQ4EC5g7jNRLLIwjcNwaUy95ZKBJJwg1ZowsclNnjYqzN4zwkAw==",
            "cpu": [
                "s390x"
            ],
            "dev": true,
            "license": "MIT",
            "optional": true,
            "os": [
                "linux"
            ]
        },
        "node_modules/@rollup/rollup-linux-x64-gnu": {
            "version": "4.44.1",
            "resolved": "https://registry.npmjs.org/@rollup/rollup-linux-x64-gnu/-/rollup-linux-x64-gnu-4.44.1.tgz",
            "integrity": "sha512-EtnsrmZGomz9WxK1bR5079zee3+7a+AdFlghyd6VbAjgRJDbTANJ9dcPIPAi76uG05micpEL+gPGmAKYTschQw==",
            "cpu": [
                "x64"
            ],
            "dev": true,
            "license": "MIT",
            "optional": true,
            "os": [
                "linux"
            ]
        },
        "node_modules/@rollup/rollup-linux-x64-musl": {
            "version": "4.44.1",
            "resolved": "https://registry.npmjs.org/@rollup/rollup-linux-x64-musl/-/rollup-linux-x64-musl-4.44.1.tgz",
            "integrity": "sha512-iAS4p+J1az6Usn0f8xhgL4PaU878KEtutP4hqw52I4IO6AGoyOkHCxcc4bqufv1tQLdDWFx8lR9YlwxKuv3/3g==",
            "cpu": [
                "x64"
            ],
            "dev": true,
            "license": "MIT",
            "optional": true,
            "os": [
                "linux"
            ]
        },
        "node_modules/@rollup/rollup-win32-arm64-msvc": {
            "version": "4.44.1",
            "resolved": "https://registry.npmjs.org/@rollup/rollup-win32-arm64-msvc/-/rollup-win32-arm64-msvc-4.44.1.tgz",
            "integrity": "sha512-NtSJVKcXwcqozOl+FwI41OH3OApDyLk3kqTJgx8+gp6On9ZEt5mYhIsKNPGuaZr3p9T6NWPKGU/03Vw4CNU9qg==",
            "cpu": [
                "arm64"
            ],
            "dev": true,
            "license": "MIT",
            "optional": true,
            "os": [
                "win32"
            ]
        },
        "node_modules/@rollup/rollup-win32-ia32-msvc": {
            "version": "4.44.1",
            "resolved": "https://registry.npmjs.org/@rollup/rollup-win32-ia32-msvc/-/rollup-win32-ia32-msvc-4.44.1.tgz",
            "integrity": "sha512-JYA3qvCOLXSsnTR3oiyGws1Dm0YTuxAAeaYGVlGpUsHqloPcFjPg+X0Fj2qODGLNwQOAcCiQmHub/V007kiH5A==",
            "cpu": [
                "ia32"
            ],
            "dev": true,
            "license": "MIT",
            "optional": true,
            "os": [
                "win32"
            ]
        },
        "node_modules/@rollup/rollup-win32-x64-msvc": {
            "version": "4.44.1",
            "resolved": "https://registry.npmjs.org/@rollup/rollup-win32-x64-msvc/-/rollup-win32-x64-msvc-4.44.1.tgz",
            "integrity": "sha512-J8o22LuF0kTe7m+8PvW9wk3/bRq5+mRo5Dqo6+vXb7otCm3TPhYOJqOaQtGU9YMWQSL3krMnoOxMr0+9E6F3Ug==",
            "cpu": [
                "x64"
            ],
            "dev": true,
            "license": "MIT",
            "optional": true,
            "os": [
                "win32"
            ]
        },
        "node_modules/@types/estree": {
            "version": "1.0.8",
            "resolved": "https://registry.npmjs.org/@types/estree/-/estree-1.0.8.tgz",
            "integrity": "sha512-dWHzHa2WqEXI/O1E9OjrocMTKJl2mSrEolh1Iomrv6U+JuNwaHXsXx9bLu5gG7BUWFIN0skIQJQ/L1rIex4X6w==",
            "dev": true,
            "license": "MIT"
        },
        "node_modules/@types/resolve": {
            "version": "1.20.2",
            "resolved": "https://registry.npmjs.org/@types/resolve/-/resolve-1.20.2.tgz",
            "integrity": "sha512-60BCwRFOZCQhDncwQdxxeOEEkbc5dIMccYLwbxsS4TUNeVECQ/pBJ0j09mrHOl/JJvpRPGwO9SvE4nR2Nb/a4Q==",
            "dev": true,
            "license": "MIT"
        },
        "node_modules/acorn": {
            "version": "8.15.0",
            "resolved": "https://registry.npmjs.org/acorn/-/acorn-8.15.0.tgz",
            "integrity": "sha512-NZyJarBfL7nWwIq+FDL6Zp/yHEhePMNnnJ0y3qfieCrmNvYct8uvtiV41UvlSe6apAfk0fY1FbWx+NwfmpvtTg==",
            "dev": true,
            "license": "MIT",
            "bin": {
                "acorn": "bin/acorn"
            },
            "engines": {
                "node": ">=0.4.0"
            }
        },
        "node_modules/base64-js": {
            "version": "1.5.1",
            "resolved": "https://registry.npmjs.org/base64-js/-/base64-js-1.5.1.tgz",
            "integrity": "sha512-AKpaYlHn8t4SVbOHCy+b5+KKgvR4vrsD8vbvrbiQJps7fKDTkjkDry6ji0rUJjC0kzbNePLwzxq8iypo41qeWA==",
            "dev": true,
            "funding": [
                {
                    "type": "github",
                    "url": "https://github.com/sponsors/feross"
                },
                {
                    "type": "patreon",
                    "url": "https://www.patreon.com/feross"
                },
                {
                    "type": "consulting",
                    "url": "https://feross.org/support"
                }
            ],
            "license": "MIT"
        },
        "node_modules/buffer-from": {
            "version": "1.1.2",
            "resolved": "https://registry.npmjs.org/buffer-from/-/buffer-from-1.1.2.tgz",
            "integrity": "sha512-E+XQCRwSbaaiChtv6k6Dwgc+bx+Bs6vuKJHHl5kox/BaKbhiXzqQOwK4cO22yElGp2OCmjwVhT3HmxgyPGnJfQ==",
            "dev": true,
            "license": "MIT"
        },
        "node_modules/commander": {
            "version": "2.20.3",
            "resolved": "https://registry.npmjs.org/commander/-/commander-2.20.3.tgz",
            "integrity": "sha512-GpVkmM8vF2vQUkj2LvZmD35JxeJOLCwJ9cUkugyk2nuhbv3+mJvpLYYt+0+USMxE+oj+ey/lJEnhZw75x/OMcQ==",
            "dev": true,
            "license": "MIT"
        },
        "node_modules/deepmerge": {
            "version": "4.3.1",
            "resolved": "https://registry.npmjs.org/deepmerge/-/deepmerge-4.3.1.tgz",
            "integrity": "sha512-3sUqbMEc77XqpdNO7FRyRog+eW3ph+GYCbj+rK+uYyRMuwsVy0rMiVtPn+QJlKFvWP/1PYpapqYn0Me2knFn+A==",
            "dev": true,
            "license": "MIT",
            "engines": {
                "node": ">=0.10.0"
            }
        },
        "node_modules/estree-walker": {
            "version": "2.0.2",
            "resolved": "https://registry.npmjs.org/estree-walker/-/estree-walker-2.0.2.tgz",
            "integrity": "sha512-Rfkk/Mp/DL7JVje3u18FxFujQlTNR2q6QfMSMB7AvCBx91NGj/ba3kCfza0f6dVDbw7YlRf/nDrn7pQrCCyQ/w==",
            "dev": true,
            "license": "MIT"
        },
        "node_modules/frida-fs": {
            "version": "6.0.0",
            "resolved": "https://registry.npmjs.org/frida-fs/-/frida-fs-6.0.0.tgz",
            "integrity": "sha512-I0fnKupZh7fU2ixwCIjJnEqNdhfm/SC1ZYBMy58EmeqOWSbjw1Dpy99mJ7BJdbk2KNXJeaBZGxDYLtn0J9S+UA==",
            "dev": true,
            "license": "MIT"
        },
        "node_modules/frida-java-bridge": {
            "version": "7.0.12",
            "resolved": "https://registry.npmjs.org/frida-java-bridge/-/frida-java-bridge-7.0.12.tgz",
            "integrity": "sha512-xpoTFPQkUjNMeRnyZ6rUj/APlYGWpKEv5iekOk4lQeDcv9fv8J/s3ETjTRdSfyZ8/aPv9r8+oBmsxN2gCHRTqg==",
            "license": "LGPL-2.0 WITH WxWindows-exception-3.1"
        },
        "node_modules/frida-objc-bridge": {
            "version": "8.0.6",
            "resolved": "https://registry.npmjs.org/frida-objc-bridge/-/frida-objc-bridge-8.0.6.tgz",
            "integrity": "sha512-FafCVXbh8837VIyYv9OjJFwPv8w3EiJbDpdQbK50316TfY1paK8URiICzEQIboRLgAjtoi9MugXnys2DOZbiUg==",
            "license": "LGPL-2.0 WITH WxWindows-exception-3.1"
        },
        "node_modules/frida-swift-bridge": {
            "version": "3.0.2",
            "resolved": "https://registry.npmjs.org/frida-swift-bridge/-/frida-swift-bridge-3.0.2.tgz",
            "integrity": "sha512-7rfr10t/F3JMBtmfc92462lWhxEmKFP8Wz4z5v2rR0Ni/05+q1TaNoSnrVlwm9hWe0BxVQFr9LfWo3MnG8YGnA==",
            "license": "Apache-2.0"
        },
        "node_modules/fsevents": {
            "version": "2.3.3",
            "resolved": "https://registry.npmjs.org/fsevents/-/fsevents-2.3.3.tgz",
            "integrity": "sha512-5xoDfX+fL7faATnagmWPpbFtwh/R77WmMMqqHGS65C3vvB0YHrgF+B1YmZ3441tMj5n63k0212XNoJwzlhffQw==",
            "dev": true,
            "hasInstallScript": true,
            "license": "MIT",
            "optional": true,
            "os": [
                "darwin"
            ],
            "engines": {
                "node": "^8.16.0 || ^10.6.0 || >=11.0.0"
            }
        },
        "node_modules/function-bind": {
            "version": "1.1.2",
            "resolved": "https://registry.npmjs.org/function-bind/-/function-bind-1.1.2.tgz",
            "integrity": "sha512-7XHNxH7qX9xG5mIwxkhumTox/MIRNcOgDrxWsMt2pAr23WHp6MrRlN7FBSFpCpr+oVO0F744iUgR82nJMfG2SA==",
            "dev": true,
            "license": "MIT",
            "funding": {
                "url": "https://github.com/sponsors/ljharb"
            }
        },
        "node_modules/hasown": {
            "version": "2.0.2",
            "resolved": "https://registry.npmjs.org/hasown/-/hasown-2.0.2.tgz",
            "integrity": "sha512-0hJU9SCPvmMzIBdZFqNPXWa6dqh7WdH0cII9y+CyS8rG3nL48Bclra9HmKhVVUHyPWNH5Y7xDwAB7bfgSjkUMQ==",
            "dev": true,
            "license": "MIT",
            "dependencies": {
                "function-bind": "^1.1.2"
            },
            "engines": {
                "node": ">= 0.4"
            }
        },
        "node_modules/http-parser-js": {
            "version": "0.5.10",
            "resolved": "https://registry.npmjs.org/http-parser-js/-/http-parser-js-0.5.10.tgz",
            "integrity": "sha512-Pysuw9XpUq5dVc/2SMHpuTY01RFl8fttgcyunjL7eEMhGM3cI4eOmiCycJDVCo/7O7ClfQD3SaI6ftDzqOXYMA==",
            "dev": true,
            "license": "MIT"
        },
        "node_modules/ieee754": {
            "version": "1.2.1",
            "resolved": "https://registry.npmjs.org/ieee754/-/ieee754-1.2.1.tgz",
            "integrity": "sha512-dcyqhDvX1C46lXZcVqCpK+FtMRQVdIMN6/Df5js2zouUsqG7I6sFxitIC+7KYK29KdXOLHdu9zL4sFnoVQnqaA==",
            "dev": true,
            "funding": [
                {
                    "type": "github",
                    "url": "https://github.com/sponsors/feross"
                },
                {
                    "type": "patreon",
                    "url": "https://www.patreon.com/feross"
                },
                {
                    "type": "consulting",
                    "url": "https://feross.org/support"
                }
            ],
            "license": "BSD-3-Clause"
        },
        "node_modules/is-core-module": {
            "version": "2.16.1",
            "resolved": "https://registry.npmjs.org/is-core-module/-/is-core-module-2.16.1.tgz",
            "integrity": "sha512-UfoeMA6fIJ8wTYFEUjelnaGI67v6+N7qXJEvQuIGa99l4xsCruSYOVSQ0uPANn4dAzm8lkYPaKLrrijLq7x23w==",
            "dev": true,
            "license": "MIT",
            "dependencies": {
                "hasown": "^2.0.2"
            },
            "engines": {
                "node": ">= 0.4"
            },
            "funding": {
                "url": "https://github.com/sponsors/ljharb"
            }
        },
        "node_modules/is-module": {
            "version": "1.0.0",
            "resolved": "https://registry.npmjs.org/is-module/-/is-module-1.0.0.tgz",
            "integrity": "sha512-51ypPSPCoTEIN9dy5Oy+h4pShgJmPCygKfyRCISBI+JoWT/2oJvK8QPxmwv7b/p239jXrm9M1mlQbyKJ5A152g==",
            "dev": true,
            "license": "MIT"
        },
        "node_modules/magic-string": {
            "version": "0.30.17",
            "resolved": "https://registry.npmjs.org/magic-string/-/magic-string-0.30.17.tgz",
            "integrity": "sha512-sNPKHvyjVf7gyjwS4xGTaW/mCnF8wnjtifKBEhxfZ7E/S8tQ0rssrwGNn6q8JH/ohItJfSQp9mBtQYuTlH5QnA==",
            "dev": true,
            "license": "MIT",
            "dependencies": {
                "@jridgewell/sourcemap-codec": "^1.5.0"
            }
        },
        "node_modules/path-parse": {
            "version": "1.0.7",
            "resolved": "https://registry.npmjs.org/path-parse/-/path-parse-1.0.7.tgz",
            "integrity": "sha512-LDJzPVEEEPR+y48z93A0Ed0yXb8pAByGWo/k5YYdYgpY2/2EsOsksJrq7lOHxryrVOn1ejG6oAp8ahvOIQD8sw==",
            "dev": true,
            "license": "MIT"
        },
        "node_modules/picomatch": {
            "version": "4.0.2",
            "resolved": "https://registry.npmjs.org/picomatch/-/picomatch-4.0.2.tgz",
            "integrity": "sha512-M7BAV6Rlcy5u+m6oPhAPFgJTzAioX/6B0DxyvDlo9l8+T3nLKbrczg2WLUyzd45L8RqfUMyGPzekbMvX2Ldkwg==",
            "dev": true,
            "license": "MIT",
            "engines": {
                "node": ">=12"
            },
            "funding": {
                "url": "https://github.com/sponsors/jonschlinkert"
            }
        },
        "node_modules/randombytes": {
            "version": "2.1.0",
            "resolved": "https://registry.npmjs.org/randombytes/-/randombytes-2.1.0.tgz",
            "integrity": "sha512-vYl3iOX+4CKUWuxGi9Ukhie6fsqXqS9FE2Zaic4tNFD2N2QQaXOMFbuKK4QmDHC0JO6B1Zp41J0LpT0oR68amQ==",
            "dev": true,
            "license": "MIT",
            "dependencies": {
                "safe-buffer": "^5.1.0"
            }
        },
        "node_modules/resolve": {
            "version": "1.22.10",
            "resolved": "https://registry.npmjs.org/resolve/-/resolve-1.22.10.tgz",
            "integrity": "sha512-NPRy+/ncIMeDlTAsuqwKIiferiawhefFJtkNSW0qZJEqMEb+qBt/77B/jGeeek+F0uOeN05CDa6HXbbIgtVX4w==",
            "dev": true,
            "license": "MIT",
            "dependencies": {
                "is-core-module": "^2.16.0",
                "path-parse": "^1.0.7",
                "supports-preserve-symlinks-flag": "^1.0.0"
            },
            "bin": {
                "resolve": "bin/resolve"
            },
            "engines": {
                "node": ">= 0.4"
            },
            "funding": {
                "url": "https://github.com/sponsors/ljharb"
            }
        },
        "node_modules/rollup": {
            "version": "4.44.1",
            "resolved": "https://registry.npmjs.org/rollup/-/rollup-4.44.1.tgz",
            "integrity": "sha512-x8H8aPvD+xbl0Do8oez5f5o8eMS3trfCghc4HhLAnCkj7Vl0d1JWGs0UF/D886zLW2rOj2QymV/JcSSsw+XDNg==",
            "dev": true,
            "license": "MIT",
            "dependencies": {
                "@types/estree": "1.0.8"
            },
            "bin": {
                "rollup": "dist/bin/rollup"
            },
            "engines": {
                "node": ">=18.0.0",
                "npm": ">=8.0.0"
            },
            "optionalDependencies": {
                "@rollup/rollup-android-arm-eabi": "4.44.1",
                "@rollup/rollup-android-arm64": "4.44.1",
                "@rollup/rollup-darwin-arm64": "4.44.1",
                "@rollup/rollup-darwin-x64": "4.44.1",
                "@rollup/rollup-freebsd-arm64": "4.44.1",
                "@rollup/rollup-freebsd-x64": "4.44.1",
                "@rollup/rollup-linux-arm-gnueabihf": "4.44.1",
                "@rollup/rollup-linux-arm-musleabihf": "4.44.1",
                "@rollup/rollup-linux-arm64-gnu": "4.44.1",
                "@rollup/rollup-linux-arm64-musl": "4.44.1",
                "@rollup/rollup-linux-loongarch64-gnu": "4.44.1",
                "@rollup/rollup-linux-powerpc64le-gnu": "4.44.1",
                "@rollup/rollup-linux-riscv64-gnu": "4.44.1",
                "@rollup/rollup-linux-riscv64-musl": "4.44.1",
                "@rollup/rollup-linux-s390x-gnu": "4.44.1",
                "@rollup/rollup-linux-x64-gnu": "4.44.1",
                "@rollup/rollup-linux-x64-musl": "4.44.1",
                "@rollup/rollup-win32-arm64-msvc": "4.44.1",
                "@rollup/rollup-win32-ia32-msvc": "4.44.1",
                "@rollup/rollup-win32-x64-msvc": "4.44.1",
                "fsevents": "~2.3.2"
            }
        },
        "node_modules/safe-buffer": {
            "version": "5.2.1",
            "resolved": "https://registry.npmjs.org/safe-buffer/-/safe-buffer-5.2.1.tgz",
            "integrity": "sha512-rp3So07KcdmmKbGvgaNxQSJr7bGVSVk5S9Eq1F+ppbRo70+YeaDxkw5Dd8NPN+GD6bjnYm2VuPuCXmpuYvmCXQ==",
            "dev": true,
            "funding": [
                {
                    "type": "github",
                    "url": "https://github.com/sponsors/feross"
                },
                {
                    "type": "patreon",
                    "url": "https://www.patreon.com/feross"
                },
                {
                    "type": "consulting",
                    "url": "https://feross.org/support"
                }
            ],
            "license": "MIT"
        },
        "node_modules/serialize-javascript": {
            "version": "6.0.2",
            "resolved": "https://registry.npmjs.org/serialize-javascript/-/serialize-javascript-6.0.2.tgz",
            "integrity": "sha512-Saa1xPByTTq2gdeFZYLLo+RFE35NHZkAbqZeWNd3BpzppeVisAqpDjcp8dyf6uIvEqJRd46jemmyA4iFIeVk8g==",
            "dev": true,
            "license": "BSD-3-Clause",
            "dependencies": {
                "randombytes": "^2.1.0"
            }
        },
        "node_modules/smob": {
            "version": "1.5.0",
            "resolved": "https://registry.npmjs.org/smob/-/smob-1.5.0.tgz",
            "integrity": "sha512-g6T+p7QO8npa+/hNx9ohv1E5pVCmWrVCUzUXJyLdMmftX6ER0oiWY/w9knEonLpnOp6b6FenKnMfR8gqwWdwig==",
            "dev": true,
            "license": "MIT"
        },
        "node_modules/source-map": {
            "version": "0.6.1",
            "resolved": "https://registry.npmjs.org/source-map/-/source-map-0.6.1.tgz",
            "integrity": "sha512-UjgapumWlbMhkBgzT7Ykc5YXUT46F0iKu8SGXq0bcwP5dz/h0Plj6enJqjz1Zbq2l5WaqYnrVbwWOWMyF3F47g==",
            "dev": true,
            "license": "BSD-3-Clause",
            "engines": {
                "node": ">=0.10.0"
            }
        },
        "node_modules/source-map-support": {
            "version": "0.5.21",
            "resolved": "https://registry.npmjs.org/source-map-support/-/source-map-support-0.5.21.tgz",
            "integrity": "sha512-uBHU3L3czsIyYXKX88fdrGovxdSCoTGDRZ6SYXtSRxLZUzHg5P/66Ht6uoUlHu9EZod+inXhKo3qQgwXUT/y1w==",
            "dev": true,
            "license": "MIT",
            "dependencies": {
                "buffer-from": "^1.0.0",
                "source-map": "^0.6.0"
            }
        },
        "node_modules/supports-preserve-symlinks-flag": {
            "version": "1.0.0",
            "resolved": "https://registry.npmjs.org/supports-preserve-symlinks-flag/-/supports-preserve-symlinks-flag-1.0.0.tgz",
            "integrity": "sha512-ot0WnXS9fgdkgIcePe6RHNk1WA8+muPa6cSjeR3V8K27q9BB1rTE3R1p7Hv0z1ZyAc8s6Vvv8DIyWf681MAt0w==",
            "dev": true,
            "license": "MIT",
            "engines": {
                "node": ">= 0.4"
            },
            "funding": {
                "url": "https://github.com/sponsors/ljharb"
            }
        },
        "node_modules/terser": {
            "version": "5.43.1",
            "resolved": "https://registry.npmjs.org/terser/-/terser-5.43.1.tgz",
            "integrity": "sha512-+6erLbBm0+LROX2sPXlUYx/ux5PyE9K/a92Wrt6oA+WDAoFTdpHE5tCYCI5PNzq2y8df4rA+QgHLJuR4jNymsg==",
            "dev": true,
            "license": "BSD-2-Clause",
            "dependencies": {
                "@jridgewell/source-map": "^0.3.3",
                "acorn": "^8.14.0",
                "commander": "^2.20.0",
                "source-map-support": "~0.5.20"
            },
            "bin": {
                "terser": "bin/terser"
            },
            "engines": {
                "node": ">=10"
            }
        },
        "node_modules/tslib": {
            "version": "2.8.1",
            "resolved": "https://registry.npmjs.org/tslib/-/tslib-2.8.1.tgz",
            "integrity": "sha512-oJFu94HQb+KVduSUQL7wnpmqnfmLsOA/nAh6b6EH0wCEoK0/mPeXU6c3wKDV83MkOuHPRHtSXKKU99IBazS/2w==",
            "dev": true,
            "license": "0BSD"
        },
        "node_modules/typescript": {
            "version": "5.8.3",
            "resolved": "https://registry.npmjs.org/typescript/-/typescript-5.8.3.tgz",
            "integrity": "sha512-p1diW6TqL9L07nNxvRMM7hMMw4c5XOo/1ibL4aAIGmSAt9slTE1Xgw5KWuof2uTOvCg9BY7ZRi+GaF+7sfgPeQ==",
            "dev": true,
            "license": "Apache-2.0",
            "bin": {
                "tsc": "bin/tsc",
                "tsserver": "bin/tsserver"
            },
            "engines": {
                "node": ">=14.17"
            }
        }
    }
}
