
Microsoft Visual Studio Solution File, Format Version 12.00
# Visual Studio 15
VisualStudioVersion = 15.0.27428.2037
MinimumVisualStudioVersion = 10.0.40219.1
Project("{8BC9CEB8-8B4A-11D0-8D11-00A0C91BC942}") = "frida-core", "frida-core\frida-core.vcxproj", "{B7DC9B02-A5FF-4AA1-B2A2-DC1653168D44}"
	ProjectSection(ProjectDependencies) = postProject
		{F4F9AF1C-3111-4563-8066-8FAE8CBEFBDC} = {F4F9AF1C-3111-4563-8066-8FAE8CBEFBDC}
		{D873638D-AA0D-4252-9334-456557A65D95} = {D873638D-AA0D-4252-9334-456557A65D95}
	EndProjectSection
EndProject
Project("{8BC9CEB8-8B4A-11D0-8D11-00A0C91BC942}") = "frida-tests", "frida-core\tests\frida-tests.vcxproj", "{BCCDA8EB-F0DF-4DD0-B233-7410079531AB}"
EndProject
Project("{8BC9CEB8-8B4A-11D0-8D11-00A0C91BC942}") = "frida-resource-compiler", "frida-core\tools\frida-resource-compiler.vcxproj", "{81B3E411-8676-41EB-84C6-1E5307F0C5FF}"
EndProject
Project("{8BC9CEB8-8B4A-11D0-8D11-00A0C91BC942}") = "frida-builddeps", "releng\frida-builddeps.vcxproj", "{4AFCE7C4-6D9A-4663-B43C-D2E518486910}"
EndProject
Project("{8BC9CEB8-8B4A-11D0-8D11-00A0C91BC942}") = "winjector-helper-32", "frida-core\src\windows\winjector-helper-32.vcxproj", "{E0AC03F2-F077-4BA7-88DD-BBE95B4E4EF0}"
	ProjectSection(ProjectDependencies) = postProject
		{C4203124-C838-437B-8662-CA477B146655} = {C4203124-C838-437B-8662-CA477B146655}
	EndProjectSection
EndProject
Project("{8BC9CEB8-8B4A-11D0-8D11-00A0C91BC942}") = "winjector-helper-64", "frida-core\src\windows\winjector-helper-64.vcxproj", "{037E8466-F87B-486D-B6AD-FECB5740CE2C}"
	ProjectSection(ProjectDependencies) = postProject
		{A31522D9-715B-4E04-AA57-DF7AFEBE082C} = {A31522D9-715B-4E04-AA57-DF7AFEBE082C}
	EndProjectSection
EndProject
Project("{8BC9CEB8-8B4A-11D0-8D11-00A0C91BC942}") = "gum-32", "frida-gum\gum-32.vcxproj", "{B31C7D42-54B6-49BB-B30C-11745C48B062}"
	ProjectSection(ProjectDependencies) = postProject
		{42C2E7D0-0310-4128-80FF-14E16282E12C} = {42C2E7D0-0310-4128-80FF-14E16282E12C}
	EndProjectSection
EndProject
Project("{8BC9CEB8-8B4A-11D0-8D11-00A0C91BC942}") = "gum-64", "frida-gum\gum-64.vcxproj", "{DC30A450-95BC-4476-A2F9-45100562424E}"
	ProjectSection(ProjectDependencies) = postProject
		{3D5DFA8A-628C-40CC-86D7-078F72833309} = {3D5DFA8A-628C-40CC-86D7-078F72833309}
	EndProjectSection
EndProject
Project("{8BC9CEB8-8B4A-11D0-8D11-00A0C91BC942}") = "gumjs-32", "frida-gum\bindings\gumjs\gumjs-32.vcxproj", "{8381538F-3CB5-480B-BFA4-960299AF6485}"
EndProject
Project("{8BC9CEB8-8B4A-11D0-8D11-00A0C91BC942}") = "gumjs-64", "frida-gum\bindings\gumjs\gumjs-64.vcxproj", "{0B39885E-731C-4A45-A7DE-44CBDBBF0067}"
EndProject
Project("{8BC9CEB8-8B4A-11D0-8D11-00A0C91BC942}") = "gum-tests", "frida-gum\tests\gum-tests.vcxproj", "{B6CA6DE9-B48B-47C0-B738-87DC3C06655F}"
EndProject
Project("{8BC9CEB8-8B4A-11D0-8D11-00A0C91BC942}") = "frida-agent-32", "frida-core\lib\agent\frida-agent-32.vcxproj", "{F4F9AF1C-3111-4563-8066-8FAE8CBEFBDC}"
	ProjectSection(ProjectDependencies) = postProject
		{C4203124-C838-437B-8662-CA477B146655} = {C4203124-C838-437B-8662-CA477B146655}
		{26F21663-D1B3-46E4-ACB6-115ED9CE086C} = {26F21663-D1B3-46E4-ACB6-115ED9CE086C}
	EndProjectSection
EndProject
Project("{8BC9CEB8-8B4A-11D0-8D11-00A0C91BC942}") = "frida-agent-64", "frida-core\lib\agent\frida-agent-64.vcxproj", "{D873638D-AA0D-4252-9334-456557A65D95}"
	ProjectSection(ProjectDependencies) = postProject
		{26CCF317-ACE8-4CD6-BDDE-FFED1AA2FADD} = {26CCF317-ACE8-4CD6-BDDE-FFED1AA2FADD}
		{A31522D9-715B-4E04-AA57-DF7AFEBE082C} = {A31522D9-715B-4E04-AA57-DF7AFEBE082C}
	EndProjectSection
EndProject
Project("{8BC9CEB8-8B4A-11D0-8D11-00A0C91BC942}") = "gumpp", "frida-gum\bindings\gumpp\gumpp.vcxproj", "{BB098FCF-D570-43FF-BB10-985189B2E1AB}"
EndProject
Project("{8BC9CEB8-8B4A-11D0-8D11-00A0C91BC942}") = "frida-server", "frida-core\frida-server.vcxproj", "{218DDF16-1726-4492-A92F-DC190397DB44}"
EndProject
Project("{8BC9CEB8-8B4A-11D0-8D11-00A0C91BC942}") = "frida-clr", "frida-clr\frida-clr.vcxproj", "{48AFFAE0-8789-44A6-8756-BC9EA344500C}"
EndProject
Project("{8BC9CEB8-8B4A-11D0-8D11-00A0C91BC942}") = "frida-python27", "frida-python\frida-python27.vcxproj", "{7409F45B-E10E-48AA-9E68-94C113995D4A}"
EndProject
Project("{8BC9CEB8-8B4A-11D0-8D11-00A0C91BC942}") = "frida-python37", "frida-python\frida-python37.vcxproj", "{7505F884-DD69-4F23-ADE6-1E0E049AB018}"
EndProject
Project("{8BC9CEB8-8B4A-11D0-8D11-00A0C91BC942}") = "frida-pipe-32", "frida-core\lib\pipe\frida-pipe-32.vcxproj", "{4C39C3CF-13E5-4346-B6AE-F73013105936}"
EndProject
Project("{8BC9CEB8-8B4A-11D0-8D11-00A0C91BC942}") = "frida-pipe-64", "frida-core\lib\pipe\frida-pipe-64.vcxproj", "{D50F460F-9C4D-42EB-A8C4-48C0C46CFAAF}"
EndProject
Project("{8BC9CEB8-8B4A-11D0-8D11-00A0C91BC942}") = "capstone-32", "capstone\capstone-32.vcxproj", "{42C2E7D0-0310-4128-80FF-14E16282E12C}"
EndProject
Project("{8BC9CEB8-8B4A-11D0-8D11-00A0C91BC942}") = "capstone-64", "capstone\capstone-64.vcxproj", "{3D5DFA8A-628C-40CC-86D7-078F72833309}"
EndProject
Project("{8BC9CEB8-8B4A-11D0-8D11-00A0C91BC942}") = "gumpp-static", "frida-gum\bindings\gumpp\gumpp-static.vcxproj", "{905F6909-645E-44B4-BA25-D3481B4DF985}"
EndProject
Project("{8BC9CEB8-8B4A-11D0-8D11-00A0C91BC942}") = "frida-gadget", "frida-core\frida-gadget.vcxproj", "{5DBC3541-98D6-4F06-A184-B6116544ED26}"
	ProjectSection(ProjectDependencies) = postProject
		{26CCF317-ACE8-4CD6-BDDE-FFED1AA2FADD} = {26CCF317-ACE8-4CD6-BDDE-FFED1AA2FADD}
		{26F21663-D1B3-46E4-ACB6-115ED9CE086C} = {26F21663-D1B3-46E4-ACB6-115ED9CE086C}
	EndProjectSection
EndProject
Project("{8BC9CEB8-8B4A-11D0-8D11-00A0C91BC942}") = "frida-interfaces-32", "frida-core\lib\interfaces\frida-interfaces-32.vcxproj", "{C4203124-C838-437B-8662-CA477B146655}"
EndProject
Project("{8BC9CEB8-8B4A-11D0-8D11-00A0C91BC942}") = "frida-interfaces-64", "frida-core\lib\interfaces\frida-interfaces-64.vcxproj", "{A31522D9-715B-4E04-AA57-DF7AFEBE082C}"
EndProject
Project("{8BC9CEB8-8B4A-11D0-8D11-00A0C91BC942}") = "frida-payload-32", "frida-core\lib\payload\frida-payload-32.vcxproj", "{26F21663-D1B3-46E4-ACB6-115ED9CE086C}"
	ProjectSection(ProjectDependencies) = postProject
		{C4203124-C838-437B-8662-CA477B146655} = {C4203124-C838-437B-8662-CA477B146655}
	EndProjectSection
EndProject
Project("{8BC9CEB8-8B4A-11D0-8D11-00A0C91BC942}") = "frida-payload-64", "frida-core\lib\payload\frida-payload-64.vcxproj", "{26CCF317-ACE8-4CD6-BDDE-FFED1AA2FADD}"
	ProjectSection(ProjectDependencies) = postProject
		{A31522D9-715B-4E04-AA57-DF7AFEBE082C} = {A31522D9-715B-4E04-AA57-DF7AFEBE082C}
	EndProjectSection
EndProject
Global
	GlobalSection(SolutionConfigurationPlatforms) = preSolution
		Debug|Win32 = Debug|Win32
		Debug|x64 = Debug|x64
		Release|Win32 = Release|Win32
		Release|x64 = Release|x64
	EndGlobalSection
	GlobalSection(ProjectConfigurationPlatforms) = postSolution
		{B7DC9B02-A5FF-4AA1-B2A2-DC1653168D44}.Debug|Win32.ActiveCfg = Debug|Win32
		{B7DC9B02-A5FF-4AA1-B2A2-DC1653168D44}.Debug|Win32.Build.0 = Debug|Win32
		{B7DC9B02-A5FF-4AA1-B2A2-DC1653168D44}.Debug|x64.ActiveCfg = Debug|x64
		{B7DC9B02-A5FF-4AA1-B2A2-DC1653168D44}.Debug|x64.Build.0 = Debug|x64
		{B7DC9B02-A5FF-4AA1-B2A2-DC1653168D44}.Release|Win32.ActiveCfg = Release|Win32
		{B7DC9B02-A5FF-4AA1-B2A2-DC1653168D44}.Release|Win32.Build.0 = Release|Win32
		{B7DC9B02-A5FF-4AA1-B2A2-DC1653168D44}.Release|x64.ActiveCfg = Release|x64
		{B7DC9B02-A5FF-4AA1-B2A2-DC1653168D44}.Release|x64.Build.0 = Release|x64
		{BCCDA8EB-F0DF-4DD0-B233-7410079531AB}.Debug|Win32.ActiveCfg = Debug|Win32
		{BCCDA8EB-F0DF-4DD0-B233-7410079531AB}.Debug|Win32.Build.0 = Debug|Win32
		{BCCDA8EB-F0DF-4DD0-B233-7410079531AB}.Debug|x64.ActiveCfg = Debug|x64
		{BCCDA8EB-F0DF-4DD0-B233-7410079531AB}.Debug|x64.Build.0 = Debug|x64
		{BCCDA8EB-F0DF-4DD0-B233-7410079531AB}.Release|Win32.ActiveCfg = Release|Win32
		{BCCDA8EB-F0DF-4DD0-B233-7410079531AB}.Release|Win32.Build.0 = Release|Win32
		{BCCDA8EB-F0DF-4DD0-B233-7410079531AB}.Release|x64.ActiveCfg = Release|x64
		{BCCDA8EB-F0DF-4DD0-B233-7410079531AB}.Release|x64.Build.0 = Release|x64
		{81B3E411-8676-41EB-84C6-1E5307F0C5FF}.Debug|Win32.ActiveCfg = Debug|Win32
		{81B3E411-8676-41EB-84C6-1E5307F0C5FF}.Debug|Win32.Build.0 = Debug|Win32
		{81B3E411-8676-41EB-84C6-1E5307F0C5FF}.Debug|x64.ActiveCfg = Debug|x64
		{81B3E411-8676-41EB-84C6-1E5307F0C5FF}.Debug|x64.Build.0 = Debug|x64
		{81B3E411-8676-41EB-84C6-1E5307F0C5FF}.Release|Win32.ActiveCfg = Release|Win32
		{81B3E411-8676-41EB-84C6-1E5307F0C5FF}.Release|Win32.Build.0 = Release|Win32
		{81B3E411-8676-41EB-84C6-1E5307F0C5FF}.Release|x64.ActiveCfg = Release|x64
		{81B3E411-8676-41EB-84C6-1E5307F0C5FF}.Release|x64.Build.0 = Release|x64
		{4AFCE7C4-6D9A-4663-B43C-D2E518486910}.Debug|Win32.ActiveCfg = Debug|Win32
		{4AFCE7C4-6D9A-4663-B43C-D2E518486910}.Debug|Win32.Build.0 = Debug|Win32
		{4AFCE7C4-6D9A-4663-B43C-D2E518486910}.Debug|x64.ActiveCfg = Debug|x64
		{4AFCE7C4-6D9A-4663-B43C-D2E518486910}.Debug|x64.Build.0 = Debug|x64
		{4AFCE7C4-6D9A-4663-B43C-D2E518486910}.Release|Win32.ActiveCfg = Release|Win32
		{4AFCE7C4-6D9A-4663-B43C-D2E518486910}.Release|Win32.Build.0 = Release|Win32
		{4AFCE7C4-6D9A-4663-B43C-D2E518486910}.Release|x64.ActiveCfg = Release|x64
		{4AFCE7C4-6D9A-4663-B43C-D2E518486910}.Release|x64.Build.0 = Release|x64
		{E0AC03F2-F077-4BA7-88DD-BBE95B4E4EF0}.Debug|Win32.ActiveCfg = Debug|Win32
		{E0AC03F2-F077-4BA7-88DD-BBE95B4E4EF0}.Debug|Win32.Build.0 = Debug|Win32
		{E0AC03F2-F077-4BA7-88DD-BBE95B4E4EF0}.Debug|x64.ActiveCfg = Debug|Win32
		{E0AC03F2-F077-4BA7-88DD-BBE95B4E4EF0}.Debug|x64.Build.0 = Debug|Win32
		{E0AC03F2-F077-4BA7-88DD-BBE95B4E4EF0}.Release|Win32.ActiveCfg = Release|Win32
		{E0AC03F2-F077-4BA7-88DD-BBE95B4E4EF0}.Release|Win32.Build.0 = Release|Win32
		{E0AC03F2-F077-4BA7-88DD-BBE95B4E4EF0}.Release|x64.ActiveCfg = Release|Win32
		{E0AC03F2-F077-4BA7-88DD-BBE95B4E4EF0}.Release|x64.Build.0 = Release|Win32
		{037E8466-F87B-486D-B6AD-FECB5740CE2C}.Debug|Win32.ActiveCfg = Debug|x64
		{037E8466-F87B-486D-B6AD-FECB5740CE2C}.Debug|Win32.Build.0 = Debug|x64
		{037E8466-F87B-486D-B6AD-FECB5740CE2C}.Debug|x64.ActiveCfg = Debug|x64
		{037E8466-F87B-486D-B6AD-FECB5740CE2C}.Debug|x64.Build.0 = Debug|x64
		{037E8466-F87B-486D-B6AD-FECB5740CE2C}.Release|Win32.ActiveCfg = Release|x64
		{037E8466-F87B-486D-B6AD-FECB5740CE2C}.Release|Win32.Build.0 = Release|x64
		{037E8466-F87B-486D-B6AD-FECB5740CE2C}.Release|x64.ActiveCfg = Release|x64
		{037E8466-F87B-486D-B6AD-FECB5740CE2C}.Release|x64.Build.0 = Release|x64
		{B31C7D42-54B6-49BB-B30C-11745C48B062}.Debug|Win32.ActiveCfg = Debug|Win32
		{B31C7D42-54B6-49BB-B30C-11745C48B062}.Debug|Win32.Build.0 = Debug|Win32
		{B31C7D42-54B6-49BB-B30C-11745C48B062}.Debug|x64.ActiveCfg = Debug|Win32
		{B31C7D42-54B6-49BB-B30C-11745C48B062}.Debug|x64.Build.0 = Debug|Win32
		{B31C7D42-54B6-49BB-B30C-11745C48B062}.Release|Win32.ActiveCfg = Release|Win32
		{B31C7D42-54B6-49BB-B30C-11745C48B062}.Release|Win32.Build.0 = Release|Win32
		{B31C7D42-54B6-49BB-B30C-11745C48B062}.Release|x64.ActiveCfg = Release|Win32
		{B31C7D42-54B6-49BB-B30C-11745C48B062}.Release|x64.Build.0 = Release|Win32
		{DC30A450-95BC-4476-A2F9-45100562424E}.Debug|Win32.ActiveCfg = Debug|x64
		{DC30A450-95BC-4476-A2F9-45100562424E}.Debug|Win32.Build.0 = Debug|x64
		{DC30A450-95BC-4476-A2F9-45100562424E}.Debug|x64.ActiveCfg = Debug|x64
		{DC30A450-95BC-4476-A2F9-45100562424E}.Debug|x64.Build.0 = Debug|x64
		{DC30A450-95BC-4476-A2F9-45100562424E}.Release|Win32.ActiveCfg = Release|x64
		{DC30A450-95BC-4476-A2F9-45100562424E}.Release|Win32.Build.0 = Release|x64
		{DC30A450-95BC-4476-A2F9-45100562424E}.Release|x64.ActiveCfg = Release|x64
		{DC30A450-95BC-4476-A2F9-45100562424E}.Release|x64.Build.0 = Release|x64
		{8381538F-3CB5-480B-BFA4-960299AF6485}.Debug|Win32.ActiveCfg = Debug|Win32
		{8381538F-3CB5-480B-BFA4-960299AF6485}.Debug|Win32.Build.0 = Debug|Win32
		{8381538F-3CB5-480B-BFA4-960299AF6485}.Debug|x64.ActiveCfg = Debug|Win32
		{8381538F-3CB5-480B-BFA4-960299AF6485}.Debug|x64.Build.0 = Debug|Win32
		{8381538F-3CB5-480B-BFA4-960299AF6485}.Release|Win32.ActiveCfg = Release|Win32
		{8381538F-3CB5-480B-BFA4-960299AF6485}.Release|Win32.Build.0 = Release|Win32
		{8381538F-3CB5-480B-BFA4-960299AF6485}.Release|x64.ActiveCfg = Release|Win32
		{8381538F-3CB5-480B-BFA4-960299AF6485}.Release|x64.Build.0 = Release|Win32
		{0B39885E-731C-4A45-A7DE-44CBDBBF0067}.Debug|Win32.ActiveCfg = Debug|x64
		{0B39885E-731C-4A45-A7DE-44CBDBBF0067}.Debug|Win32.Build.0 = Debug|x64
		{0B39885E-731C-4A45-A7DE-44CBDBBF0067}.Debug|x64.ActiveCfg = Debug|x64
		{0B39885E-731C-4A45-A7DE-44CBDBBF0067}.Debug|x64.Build.0 = Debug|x64
		{0B39885E-731C-4A45-A7DE-44CBDBBF0067}.Release|Win32.ActiveCfg = Release|x64
		{0B39885E-731C-4A45-A7DE-44CBDBBF0067}.Release|Win32.Build.0 = Release|x64
		{0B39885E-731C-4A45-A7DE-44CBDBBF0067}.Release|x64.ActiveCfg = Release|x64
		{0B39885E-731C-4A45-A7DE-44CBDBBF0067}.Release|x64.Build.0 = Release|x64
		{B6CA6DE9-B48B-47C0-B738-87DC3C06655F}.Debug|Win32.ActiveCfg = Debug|Win32
		{B6CA6DE9-B48B-47C0-B738-87DC3C06655F}.Debug|Win32.Build.0 = Debug|Win32
		{B6CA6DE9-B48B-47C0-B738-87DC3C06655F}.Debug|x64.ActiveCfg = Debug|x64
		{B6CA6DE9-B48B-47C0-B738-87DC3C06655F}.Debug|x64.Build.0 = Debug|x64
		{B6CA6DE9-B48B-47C0-B738-87DC3C06655F}.Release|Win32.ActiveCfg = Release|Win32
		{B6CA6DE9-B48B-47C0-B738-87DC3C06655F}.Release|Win32.Build.0 = Release|Win32
		{B6CA6DE9-B48B-47C0-B738-87DC3C06655F}.Release|x64.ActiveCfg = Release|x64
		{B6CA6DE9-B48B-47C0-B738-87DC3C06655F}.Release|x64.Build.0 = Release|x64
		{F4F9AF1C-3111-4563-8066-8FAE8CBEFBDC}.Debug|Win32.ActiveCfg = Debug|Win32
		{F4F9AF1C-3111-4563-8066-8FAE8CBEFBDC}.Debug|Win32.Build.0 = Debug|Win32
		{F4F9AF1C-3111-4563-8066-8FAE8CBEFBDC}.Debug|x64.ActiveCfg = Debug|Win32
		{F4F9AF1C-3111-4563-8066-8FAE8CBEFBDC}.Debug|x64.Build.0 = Debug|Win32
		{F4F9AF1C-3111-4563-8066-8FAE8CBEFBDC}.Release|Win32.ActiveCfg = Release|Win32
		{F4F9AF1C-3111-4563-8066-8FAE8CBEFBDC}.Release|Win32.Build.0 = Release|Win32
		{F4F9AF1C-3111-4563-8066-8FAE8CBEFBDC}.Release|x64.ActiveCfg = Release|Win32
		{F4F9AF1C-3111-4563-8066-8FAE8CBEFBDC}.Release|x64.Build.0 = Release|Win32
		{D873638D-AA0D-4252-9334-456557A65D95}.Debug|Win32.ActiveCfg = Debug|x64
		{D873638D-AA0D-4252-9334-456557A65D95}.Debug|Win32.Build.0 = Debug|x64
		{D873638D-AA0D-4252-9334-456557A65D95}.Debug|x64.ActiveCfg = Debug|x64
		{D873638D-AA0D-4252-9334-456557A65D95}.Debug|x64.Build.0 = Debug|x64
		{D873638D-AA0D-4252-9334-456557A65D95}.Release|Win32.ActiveCfg = Release|x64
		{D873638D-AA0D-4252-9334-456557A65D95}.Release|Win32.Build.0 = Release|x64
		{D873638D-AA0D-4252-9334-456557A65D95}.Release|x64.ActiveCfg = Release|x64
		{D873638D-AA0D-4252-9334-456557A65D95}.Release|x64.Build.0 = Release|x64
		{BB098FCF-D570-43FF-BB10-985189B2E1AB}.Debug|Win32.ActiveCfg = Debug|Win32
		{BB098FCF-D570-43FF-BB10-985189B2E1AB}.Debug|Win32.Build.0 = Debug|Win32
		{BB098FCF-D570-43FF-BB10-985189B2E1AB}.Debug|x64.ActiveCfg = Debug|x64
		{BB098FCF-D570-43FF-BB10-985189B2E1AB}.Debug|x64.Build.0 = Debug|x64
		{BB098FCF-D570-43FF-BB10-985189B2E1AB}.Release|Win32.ActiveCfg = Release|Win32
		{BB098FCF-D570-43FF-BB10-985189B2E1AB}.Release|Win32.Build.0 = Release|Win32
		{BB098FCF-D570-43FF-BB10-985189B2E1AB}.Release|x64.ActiveCfg = Release|x64
		{BB098FCF-D570-43FF-BB10-985189B2E1AB}.Release|x64.Build.0 = Release|x64
		{218DDF16-1726-4492-A92F-DC190397DB44}.Debug|Win32.ActiveCfg = Debug|Win32
		{218DDF16-1726-4492-A92F-DC190397DB44}.Debug|Win32.Build.0 = Debug|Win32
		{218DDF16-1726-4492-A92F-DC190397DB44}.Debug|x64.ActiveCfg = Debug|x64
		{218DDF16-1726-4492-A92F-DC190397DB44}.Debug|x64.Build.0 = Debug|x64
		{218DDF16-1726-4492-A92F-DC190397DB44}.Release|Win32.ActiveCfg = Release|Win32
		{218DDF16-1726-4492-A92F-DC190397DB44}.Release|Win32.Build.0 = Release|Win32
		{218DDF16-1726-4492-A92F-DC190397DB44}.Release|x64.ActiveCfg = Release|x64
		{218DDF16-1726-4492-A92F-DC190397DB44}.Release|x64.Build.0 = Release|x64
		{48AFFAE0-8789-44A6-8756-BC9EA344500C}.Debug|Win32.ActiveCfg = Debug|Win32
		{48AFFAE0-8789-44A6-8756-BC9EA344500C}.Debug|Win32.Build.0 = Debug|Win32
		{48AFFAE0-8789-44A6-8756-BC9EA344500C}.Debug|x64.ActiveCfg = Debug|x64
		{48AFFAE0-8789-44A6-8756-BC9EA344500C}.Debug|x64.Build.0 = Debug|x64
		{48AFFAE0-8789-44A6-8756-BC9EA344500C}.Release|Win32.ActiveCfg = Release|Win32
		{48AFFAE0-8789-44A6-8756-BC9EA344500C}.Release|Win32.Build.0 = Release|Win32
		{48AFFAE0-8789-44A6-8756-BC9EA344500C}.Release|x64.ActiveCfg = Release|x64
		{48AFFAE0-8789-44A6-8756-BC9EA344500C}.Release|x64.Build.0 = Release|x64
		{7409F45B-E10E-48AA-9E68-94C113995D4A}.Debug|Win32.ActiveCfg = Debug|Win32
		{7409F45B-E10E-48AA-9E68-94C113995D4A}.Debug|Win32.Build.0 = Debug|Win32
		{7409F45B-E10E-48AA-9E68-94C113995D4A}.Debug|x64.ActiveCfg = Debug|x64
		{7409F45B-E10E-48AA-9E68-94C113995D4A}.Debug|x64.Build.0 = Debug|x64
		{7409F45B-E10E-48AA-9E68-94C113995D4A}.Release|Win32.ActiveCfg = Release|Win32
		{7409F45B-E10E-48AA-9E68-94C113995D4A}.Release|Win32.Build.0 = Release|Win32
		{7409F45B-E10E-48AA-9E68-94C113995D4A}.Release|x64.ActiveCfg = Release|x64
		{7409F45B-E10E-48AA-9E68-94C113995D4A}.Release|x64.Build.0 = Release|x64
		{7505F884-DD69-4F23-ADE6-1E0E049AB018}.Debug|Win32.ActiveCfg = Debug|Win32
		{7505F884-DD69-4F23-ADE6-1E0E049AB018}.Debug|Win32.Build.0 = Debug|Win32
		{7505F884-DD69-4F23-ADE6-1E0E049AB018}.Debug|x64.ActiveCfg = Debug|x64
		{7505F884-DD69-4F23-ADE6-1E0E049AB018}.Debug|x64.Build.0 = Debug|x64
		{7505F884-DD69-4F23-ADE6-1E0E049AB018}.Release|Win32.ActiveCfg = Release|Win32
		{7505F884-DD69-4F23-ADE6-1E0E049AB018}.Release|Win32.Build.0 = Release|Win32
		{7505F884-DD69-4F23-ADE6-1E0E049AB018}.Release|x64.ActiveCfg = Release|x64
		{7505F884-DD69-4F23-ADE6-1E0E049AB018}.Release|x64.Build.0 = Release|x64
		{4C39C3CF-13E5-4346-B6AE-F73013105936}.Debug|Win32.ActiveCfg = Debug|Win32
		{4C39C3CF-13E5-4346-B6AE-F73013105936}.Debug|Win32.Build.0 = Debug|Win32
		{4C39C3CF-13E5-4346-B6AE-F73013105936}.Debug|x64.ActiveCfg = Debug|Win32
		{4C39C3CF-13E5-4346-B6AE-F73013105936}.Debug|x64.Build.0 = Debug|Win32
		{4C39C3CF-13E5-4346-B6AE-F73013105936}.Release|Win32.ActiveCfg = Release|Win32
		{4C39C3CF-13E5-4346-B6AE-F73013105936}.Release|Win32.Build.0 = Release|Win32
		{4C39C3CF-13E5-4346-B6AE-F73013105936}.Release|x64.ActiveCfg = Release|Win32
		{4C39C3CF-13E5-4346-B6AE-F73013105936}.Release|x64.Build.0 = Release|Win32
		{D50F460F-9C4D-42EB-A8C4-48C0C46CFAAF}.Debug|Win32.ActiveCfg = Debug|x64
		{D50F460F-9C4D-42EB-A8C4-48C0C46CFAAF}.Debug|Win32.Build.0 = Debug|x64
		{D50F460F-9C4D-42EB-A8C4-48C0C46CFAAF}.Debug|x64.ActiveCfg = Debug|x64
		{D50F460F-9C4D-42EB-A8C4-48C0C46CFAAF}.Debug|x64.Build.0 = Debug|x64
		{D50F460F-9C4D-42EB-A8C4-48C0C46CFAAF}.Release|Win32.ActiveCfg = Release|x64
		{D50F460F-9C4D-42EB-A8C4-48C0C46CFAAF}.Release|Win32.Build.0 = Release|x64
		{D50F460F-9C4D-42EB-A8C4-48C0C46CFAAF}.Release|x64.ActiveCfg = Release|x64
		{D50F460F-9C4D-42EB-A8C4-48C0C46CFAAF}.Release|x64.Build.0 = Release|x64
		{42C2E7D0-0310-4128-80FF-14E16282E12C}.Debug|Win32.ActiveCfg = Debug|Win32
		{42C2E7D0-0310-4128-80FF-14E16282E12C}.Debug|Win32.Build.0 = Debug|Win32
		{42C2E7D0-0310-4128-80FF-14E16282E12C}.Debug|x64.ActiveCfg = Debug|Win32
		{42C2E7D0-0310-4128-80FF-14E16282E12C}.Debug|x64.Build.0 = Debug|Win32
		{42C2E7D0-0310-4128-80FF-14E16282E12C}.Release|Win32.ActiveCfg = Release|Win32
		{42C2E7D0-0310-4128-80FF-14E16282E12C}.Release|Win32.Build.0 = Release|Win32
		{42C2E7D0-0310-4128-80FF-14E16282E12C}.Release|x64.ActiveCfg = Release|Win32
		{42C2E7D0-0310-4128-80FF-14E16282E12C}.Release|x64.Build.0 = Release|Win32
		{3D5DFA8A-628C-40CC-86D7-078F72833309}.Debug|Win32.ActiveCfg = Debug|x64
		{3D5DFA8A-628C-40CC-86D7-078F72833309}.Debug|Win32.Build.0 = Debug|x64
		{3D5DFA8A-628C-40CC-86D7-078F72833309}.Debug|x64.ActiveCfg = Debug|x64
		{3D5DFA8A-628C-40CC-86D7-078F72833309}.Debug|x64.Build.0 = Debug|x64
		{3D5DFA8A-628C-40CC-86D7-078F72833309}.Release|Win32.ActiveCfg = Release|x64
		{3D5DFA8A-628C-40CC-86D7-078F72833309}.Release|Win32.Build.0 = Release|x64
		{3D5DFA8A-628C-40CC-86D7-078F72833309}.Release|x64.ActiveCfg = Release|x64
		{3D5DFA8A-628C-40CC-86D7-078F72833309}.Release|x64.Build.0 = Release|x64
		{905F6909-645E-44B4-BA25-D3481B4DF985}.Debug|Win32.ActiveCfg = Debug|Win32
		{905F6909-645E-44B4-BA25-D3481B4DF985}.Debug|Win32.Build.0 = Debug|Win32
		{905F6909-645E-44B4-BA25-D3481B4DF985}.Debug|x64.ActiveCfg = Debug|x64
		{905F6909-645E-44B4-BA25-D3481B4DF985}.Debug|x64.Build.0 = Debug|x64
		{905F6909-645E-44B4-BA25-D3481B4DF985}.Release|Win32.ActiveCfg = Release|Win32
		{905F6909-645E-44B4-BA25-D3481B4DF985}.Release|Win32.Build.0 = Release|Win32
		{905F6909-645E-44B4-BA25-D3481B4DF985}.Release|x64.ActiveCfg = Release|x64
		{905F6909-645E-44B4-BA25-D3481B4DF985}.Release|x64.Build.0 = Release|x64
		{5DBC3541-98D6-4F06-A184-B6116544ED26}.Debug|Win32.ActiveCfg = Debug|Win32
		{5DBC3541-98D6-4F06-A184-B6116544ED26}.Debug|Win32.Build.0 = Debug|Win32
		{5DBC3541-98D6-4F06-A184-B6116544ED26}.Debug|x64.ActiveCfg = Debug|x64
		{5DBC3541-98D6-4F06-A184-B6116544ED26}.Debug|x64.Build.0 = Debug|x64
		{5DBC3541-98D6-4F06-A184-B6116544ED26}.Release|Win32.ActiveCfg = Release|Win32
		{5DBC3541-98D6-4F06-A184-B6116544ED26}.Release|Win32.Build.0 = Release|Win32
		{5DBC3541-98D6-4F06-A184-B6116544ED26}.Release|x64.ActiveCfg = Release|x64
		{5DBC3541-98D6-4F06-A184-B6116544ED26}.Release|x64.Build.0 = Release|x64
		{C4203124-C838-437B-8662-CA477B146655}.Debug|Win32.ActiveCfg = Debug|Win32
		{C4203124-C838-437B-8662-CA477B146655}.Debug|Win32.Build.0 = Debug|Win32
		{C4203124-C838-437B-8662-CA477B146655}.Debug|x64.ActiveCfg = Debug|Win32
		{C4203124-C838-437B-8662-CA477B146655}.Debug|x64.Build.0 = Debug|Win32
		{C4203124-C838-437B-8662-CA477B146655}.Release|Win32.ActiveCfg = Release|Win32
		{C4203124-C838-437B-8662-CA477B146655}.Release|Win32.Build.0 = Release|Win32
		{C4203124-C838-437B-8662-CA477B146655}.Release|x64.ActiveCfg = Release|Win32
		{C4203124-C838-437B-8662-CA477B146655}.Release|x64.Build.0 = Release|Win32
		{A31522D9-715B-4E04-AA57-DF7AFEBE082C}.Debug|Win32.ActiveCfg = Debug|x64
		{A31522D9-715B-4E04-AA57-DF7AFEBE082C}.Debug|Win32.Build.0 = Debug|x64
		{A31522D9-715B-4E04-AA57-DF7AFEBE082C}.Debug|x64.ActiveCfg = Debug|x64
		{A31522D9-715B-4E04-AA57-DF7AFEBE082C}.Debug|x64.Build.0 = Debug|x64
		{A31522D9-715B-4E04-AA57-DF7AFEBE082C}.Release|Win32.ActiveCfg = Release|x64
		{A31522D9-715B-4E04-AA57-DF7AFEBE082C}.Release|Win32.Build.0 = Release|x64
		{A31522D9-715B-4E04-AA57-DF7AFEBE082C}.Release|x64.ActiveCfg = Release|x64
		{A31522D9-715B-4E04-AA57-DF7AFEBE082C}.Release|x64.Build.0 = Release|x64
		{26F21663-D1B3-46E4-ACB6-115ED9CE086C}.Debug|Win32.ActiveCfg = Debug|Win32
		{26F21663-D1B3-46E4-ACB6-115ED9CE086C}.Debug|Win32.Build.0 = Debug|Win32
		{26F21663-D1B3-46E4-ACB6-115ED9CE086C}.Debug|x64.ActiveCfg = Debug|Win32
		{26F21663-D1B3-46E4-ACB6-115ED9CE086C}.Debug|x64.Build.0 = Debug|Win32
		{26F21663-D1B3-46E4-ACB6-115ED9CE086C}.Release|Win32.ActiveCfg = Release|Win32
		{26F21663-D1B3-46E4-ACB6-115ED9CE086C}.Release|Win32.Build.0 = Release|Win32
		{26F21663-D1B3-46E4-ACB6-115ED9CE086C}.Release|x64.ActiveCfg = Release|Win32
		{26F21663-D1B3-46E4-ACB6-115ED9CE086C}.Release|x64.Build.0 = Release|Win32
		{26CCF317-ACE8-4CD6-BDDE-FFED1AA2FADD}.Debug|Win32.ActiveCfg = Debug|x64
		{26CCF317-ACE8-4CD6-BDDE-FFED1AA2FADD}.Debug|Win32.Build.0 = Debug|x64
		{26CCF317-ACE8-4CD6-BDDE-FFED1AA2FADD}.Debug|x64.ActiveCfg = Debug|x64
		{26CCF317-ACE8-4CD6-BDDE-FFED1AA2FADD}.Debug|x64.Build.0 = Debug|x64
		{26CCF317-ACE8-4CD6-BDDE-FFED1AA2FADD}.Release|Win32.ActiveCfg = Release|x64
		{26CCF317-ACE8-4CD6-BDDE-FFED1AA2FADD}.Release|Win32.Build.0 = Release|x64
		{26CCF317-ACE8-4CD6-BDDE-FFED1AA2FADD}.Release|x64.ActiveCfg = Release|x64
		{26CCF317-ACE8-4CD6-BDDE-FFED1AA2FADD}.Release|x64.Build.0 = Release|x64
	EndGlobalSection
	GlobalSection(SolutionProperties) = preSolution
		HideSolutionNode = FALSE
	EndGlobalSection
	GlobalSection(ExtensibilityGlobals) = postSolution
		SolutionGuid = {5AAE2AF8-F623-4FCF-A717-58A8C7FB65EF}
	EndGlobalSection
EndGlobal
