{
  "name": "frida-compiler-shims",
  "version": "1.0.0",
  "lockfileVersion": 3,
  "requires": true,
  "packages": {
    "": {
      "name": "frida-compiler-shims",
      "version": "1.0.0",
      "dependencies": {
        "@frida/assert": "^3.0.2",
        "@frida/base64-js": "^2.0.3",
        "@frida/buffer": "^7.0.4",
        "@frida/crypto": "^1.0.1",
        "@frida/diagnostics_channel": "^1.0.0",
        "@frida/events": "^4.0.4",
        "@frida/http": "^4.0.2",
        "@frida/http-parser-js": "^1.0.0",
        "@frida/https": "^1.0.0",
        "@frida/ieee754": "^2.0.2",
        "@frida/net": "^5.0.0",
        "@frida/os": "^1.0.2",
        "@frida/path": "^2.0.3",
        "@frida/process": "^1.2.1",
        "@frida/punycode": "^3.0.0",
        "@frida/querystring": "^1.0.0",
        "@frida/readable-stream": "^4.1.3",
        "@frida/reserved-words": "^1.0.0",
        "@frida/stream": "^1.0.2",
        "@frida/string_decoder": "^2.0.0",
        "@frida/timers": "^3.0.0",
        "@frida/tty": "^1.0.0",
        "@frida/url": "^1.0.2",
        "@frida/util": "^1.0.3",
        "@frida/vm": "^2.0.0",
        "@types/frida-gum": "^19.10.0",
        "@types/node": "18.19.103",
        "frida-fs": "7.0.0"
      }
    },
    "node_modules/@frida/assert": {
      "version": "3.0.2",
      "resolved": "https://registry.npmjs.org/@frida/assert/-/assert-3.0.2.tgz",
      "integrity": "sha512-JXJq5SbXGrM5EkjrZKfRmB29zOoEOix02NC6A5TSJ+C1GE/X051EinJJsuOO2pEOx7KZwpvAHvS0WXW0+levKg==",
      "license": "MIT"
    },
    "node_modules/@frida/base64-js": {
      "version": "2.0.3",
      "resolved": "https://registry.npmjs.org/@frida/base64-js/-/base64-js-2.0.3.tgz",
      "integrity": "sha512-2w0F+1TynOTCZ/v7du9LdHPWwq0lJhazjo2fF9upMyQmA1zHetT14fLuQ1v/6T0qPgyeEGkiSrybstU8EsgeUA==",
      "funding": [
        {
          "type": "github",
          "url": "https://github.com/sponsors/feross"
        },
        {
          "type": "patreon",
          "url": "https://www.patreon.com/feross"
        },
        {
          "type": "consulting",
          "url": "https://feross.org/support"
        }
      ],
      "license": "MIT"
    },
    "node_modules/@frida/buffer": {
      "version": "7.0.4",
      "resolved": "https://registry.npmjs.org/@frida/buffer/-/buffer-7.0.4.tgz",
      "integrity": "sha512-RxQ1lZRRiCJj7nhcCiD8xeJx0NsLpGGnjqsmTg7jShGmbnVFMN5W7+J+3gqdPSQhc/IxNBIWc6zRXVp4+qnYHg==",
      "funding": [
        {
          "type": "github",
          "url": "https://github.com/sponsors/feross"
        },
        {
          "type": "patreon",
          "url": "https://www.patreon.com/feross"
        },
        {
          "type": "consulting",
          "url": "https://feross.org/support"
        }
      ],
      "license": "MIT",
      "dependencies": {
        "base64-js": "^1.5.1",
        "ieee754": "^1.2.1"
      }
    },
    "node_modules/@frida/crypto": {
      "version": "1.0.1",
      "resolved": "https://registry.npmjs.org/@frida/crypto/-/crypto-1.0.1.tgz",
      "integrity": "sha512-WXTkVjESvX8TIVXIynJJv9BKSIdQP0Iis04StIXknkDi1ULdMlrypA9p5C4KW1H6GCkNsVnKbybpzsulYCTvag==",
      "license": "MIT"
    },
    "node_modules/@frida/diagnostics_channel": {
      "version": "1.0.0",
      "resolved": "https://registry.npmjs.org/@frida/diagnostics_channel/-/diagnostics_channel-1.0.0.tgz",
      "integrity": "sha512-mYX1jp/5Bpk24tHArJNx65iCk7qSuV8YJkdU0gFNVtJUXxfV8BG5WuPa4mL+ynxsbWWpsg/cwKZbLAepYKTdQQ==",
      "license": "MIT"
    },
    "node_modules/@frida/events": {
      "version": "4.0.4",
      "resolved": "https://registry.npmjs.org/@frida/events/-/events-4.0.4.tgz",
      "integrity": "sha512-qJVQ6VWHf9sjUKuiJzoCAC00frbpcwxeYfvQ+PP9LU/d70j+QvjWgYe98Qa3ekLaBU6r/AvWm8ThKCDUCLWrQQ==",
      "license": "MIT",
      "engines": {
        "node": ">=0.8.x"
      }
    },
    "node_modules/@frida/http": {
      "version": "4.0.2",
      "resolved": "https://registry.npmjs.org/@frida/http/-/http-4.0.2.tgz",
      "integrity": "sha512-cvkc7ex7GmVXVOWqtjXKBWUUbYEBgpNRKZbEEoMeI8KiIs8zejKwg+N7rx7296Ao+EP3+xcUr4wBVr3xLaUVfQ==",
      "license": "MIT",
      "dependencies": {
        "http-parser-js": "^0.5.3"
      }
    },
    "node_modules/@frida/http-parser-js": {
      "version": "1.0.0",
      "resolved": "https://registry.npmjs.org/@frida/http-parser-js/-/http-parser-js-1.0.0.tgz",
      "integrity": "sha512-2nMrNXt/OeTlWbqnE8AH4Sfz4I2+BGoN206dzKEyC/g2svtn83Xu+zuv/V3TkwrA27s26Mcy84ZwsXeNlqNxUQ==",
      "license": "MIT"
    },
    "node_modules/@frida/https": {
      "version": "1.0.0",
      "resolved": "https://registry.npmjs.org/@frida/https/-/https-1.0.0.tgz",
      "integrity": "sha512-OiqQ6qsALcWOktRLq07oJ0i6sH8eX6MXb/MdZS1qVKDRf6wchH4Pjn6fiLB+pt/OlYbggk+DOfpHwSdjTwuHMQ==",
      "license": "MIT"
    },
    "node_modules/@frida/ieee754": {
      "version": "2.0.2",
      "resolved": "https://registry.npmjs.org/@frida/ieee754/-/ieee754-2.0.2.tgz",
      "integrity": "sha512-wlcUebnne4ENN7GDr5pTH598ZDLMVOsh0FjenxeVOe6u7ewZkz9gGRnLnZKJAm9kl5G6XhdxhI0cSXVQK/rQUw==",
      "funding": [
        {
          "type": "github",
          "url": "https://github.com/sponsors/feross"
        },
        {
          "type": "patreon",
          "url": "https://www.patreon.com/feross"
        },
        {
          "type": "consulting",
          "url": "https://feross.org/support"
        }
      ],
      "license": "BSD-3-Clause"
    },
    "node_modules/@frida/net": {
      "version": "5.0.0",
      "resolved": "https://registry.npmjs.org/@frida/net/-/net-5.0.0.tgz",
      "integrity": "sha512-czsyNauuAJ3Udzbg3xm9abaK/AKaMnqgZkIPeO0kVYRah9d1tCHMXTnWi+d8vJaDzB/bIXOcfmV2VX0hCDlfJw==",
      "license": "MIT"
    },
    "node_modules/@frida/os": {
      "version": "1.0.2",
      "resolved": "https://registry.npmjs.org/@frida/os/-/os-1.0.2.tgz",
      "integrity": "sha512-3ISAiGNiyIya3QN2EHBCz1wqP0enTdSxP99wUeroeh8+AQRmgoOr/5TRnrVry8pe378anay3fmV/tdUMMSkehQ==",
      "license": "MIT"
    },
    "node_modules/@frida/path": {
      "version": "2.0.3",
      "resolved": "https://registry.npmjs.org/@frida/path/-/path-2.0.3.tgz",
      "integrity": "sha512-2RQy36QatoC846fzBhBhV8sXMsSOBGoYvwTHeaE1zUdz7F4RNScP4QEekTTooBYWYX/XjiF36KQpYAzc9OYFtg==",
      "license": "MIT"
    },
    "node_modules/@frida/process": {
      "version": "1.2.1",
      "resolved": "https://registry.npmjs.org/@frida/process/-/process-1.2.1.tgz",
      "integrity": "sha512-nvCu22DstFW2ttGFtOKekHM7vnjbZm+XgtvavOt427GNT6uV7k0JYK9tnMbcLMRWv57DG6udAmuJlWs8Paq1ag==",
      "license": "MIT"
    },
    "node_modules/@frida/punycode": {
      "version": "3.0.0",
      "resolved": "https://registry.npmjs.org/@frida/punycode/-/punycode-3.0.0.tgz",
      "integrity": "sha512-XVSDY2KamDs1D5/fTVgHcOSNxdU4kTboxzqJMBbTjcQC7XScIT9c0EfbwKCq7Kci6gWQdsHSCr7lU+9Oc4KAdg==",
      "license": "MIT"
    },
    "node_modules/@frida/querystring": {
      "version": "1.0.0",
      "resolved": "https://registry.npmjs.org/@frida/querystring/-/querystring-1.0.0.tgz",
      "integrity": "sha512-15m1fOZPmoO/vWlgPJrG/J9/BJDz6a2/JpVGpS8ynNzo+fBhTznaStX5nHxUs24mVTqh/OqLo0EiYJM5WWHXxg==",
      "license": "MIT"
    },
    "node_modules/@frida/readable-stream": {
      "version": "4.1.3",
      "resolved": "https://registry.npmjs.org/@frida/readable-stream/-/readable-stream-4.1.3.tgz",
      "integrity": "sha512-ntGUFmi+CryRGRJIK13a/VST2Ad19uivbln8Xd92vKPAARq+6vMIASDyZIqyl5BLRccfiyCHdYgrgQ6RI5rUig==",
      "license": "MIT"
    },
    "node_modules/@frida/reserved-words": {
      "version": "1.0.0",
      "resolved": "https://registry.npmjs.org/@frida/reserved-words/-/reserved-words-1.0.0.tgz",
      "integrity": "sha512-2yG/XxJlsGlk/mm6eZTb4OAaQEhkTI2qaFfZFtAsrA/XuCpuMWkS4y/guyBlsRu4hAuhK2HPmNM8+OLLK1zM9Q==",
      "license": "MIT"
    },
    "node_modules/@frida/stream": {
      "version": "1.0.2",
      "resolved": "https://registry.npmjs.org/@frida/stream/-/stream-1.0.2.tgz",
      "integrity": "sha512-4OuaC1ztmEKgTq3WeBhsy8Oq+AwW9n9cYnvLklcC9jwD93AEwgbWpecLlxJCVuALvTMdhKPg0nQVfyGYP/i9Bw==",
      "license": "MIT",
      "dependencies": {
        "@frida/readable-stream": "^4.1.3"
      }
    },
    "node_modules/@frida/string_decoder": {
      "version": "2.0.0",
      "resolved": "https://registry.npmjs.org/@frida/string_decoder/-/string_decoder-2.0.0.tgz",
      "integrity": "sha512-in371tYZMHQiW9HF5MS3JDw6Ao6tyBoq34UWy2rzOswYyMG1rpizh85ofi/yVkxDiaqybEZefxzkVittpPGT6g==",
      "license": "MIT"
    },
    "node_modules/@frida/timers": {
      "version": "3.0.0",
      "resolved": "https://registry.npmjs.org/@frida/timers/-/timers-3.0.0.tgz",
      "integrity": "sha512-3b+0igv10aT8TMxefrTAd06rActqbxJLY2Xkkq9vYcPBffB/yHszl0NYIp/5ko8WC3ecDYPU6bQiY6fjs72zTA==",
      "license": "MIT"
    },
    "node_modules/@frida/tty": {
      "version": "1.0.0",
      "resolved": "https://registry.npmjs.org/@frida/tty/-/tty-1.0.0.tgz",
      "integrity": "sha512-p/kjLnKYxEAB1MdYP8+5rKv9CsHzyA+0jg9BcGETzjQVKHHcroHDULRxDYUh+DC7qs6cpX8QdDQh9E+a6ydgsQ==",
      "license": "MIT"
    },
    "node_modules/@frida/url": {
      "version": "1.0.2",
      "resolved": "https://registry.npmjs.org/@frida/url/-/url-1.0.2.tgz",
      "integrity": "sha512-ZKunbKJHMr8w2Eb/5K1avy0MzK1B998S17wYXNv3RmzBGxMm8S5T0F3qEpRxkU7/72P8m4izyQU87fWl+FjQsQ==",
      "license": "MIT",
      "dependencies": {
        "@frida/punycode": "^3.0.0",
        "@frida/querystring": "^1.0.0"
      }
    },
    "node_modules/@frida/util": {
      "version": "1.0.3",
      "resolved": "https://registry.npmjs.org/@frida/util/-/util-1.0.3.tgz",
      "integrity": "sha512-htcG3uDiRXv89ERVNNYhfase39kJ2X75ZARfrYcYEtJLFEsSk0nemM1YnEIR4CjrHvdvkWHrwgKkS+acOyoNEg==",
      "license": "MIT"
    },
    "node_modules/@frida/vm": {
      "version": "2.0.0",
      "resolved": "https://registry.npmjs.org/@frida/vm/-/vm-2.0.0.tgz",
      "integrity": "sha512-7fsjLWscZT5odNIBtg6qbLNI+vAk1xmii6H5W2kaYkMYt0vRohQEcDSUWacA+eaWlu5SvMjZI82Yibj/3G9pJw==",
      "license": "MIT"
    },
    "node_modules/@types/frida-gum": {
      "version": "19.10.0",
      "resolved": "https://registry.npmjs.org/@types/frida-gum/-/frida-gum-19.10.0.tgz",
      "integrity": "sha512-GBKAzwmamtNPBXEcIve1yJ6BB9ZgyW9al3+f06S+lDAvennOx9GfFQ9RDY9kP5nJrkiiRHLzgbDFjQ/+g+iw1Q==",
      "license": "MIT"
    },
    "node_modules/@types/node": {
      "version": "18.19.103",
      "resolved": "https://registry.npmjs.org/@types/node/-/node-18.19.103.tgz",
      "integrity": "sha512-hHTHp+sEz6SxFsp+SA+Tqrua3AbmlAw+Y//aEwdHrdZkYVRWdvWD3y5uPZ0flYOkgskaFWqZ/YGFm3FaFQ0pRw==",
      "license": "MIT",
      "dependencies": {
        "undici-types": "~5.26.4"
      }
    },
    "node_modules/base64-js": {
      "version": "1.5.1",
      "resolved": "https://registry.npmjs.org/base64-js/-/base64-js-1.5.1.tgz",
      "integrity": "sha512-AKpaYlHn8t4SVbOHCy+b5+KKgvR4vrsD8vbvrbiQJps7fKDTkjkDry6ji0rUJjC0kzbNePLwzxq8iypo41qeWA==",
      "funding": [
        {
          "type": "github",
          "url": "https://github.com/sponsors/feross"
        },
        {
          "type": "patreon",
          "url": "https://www.patreon.com/feross"
        },
        {
          "type": "consulting",
          "url": "https://feross.org/support"
        }
      ],
      "license": "MIT"
    },
    "node_modules/frida-fs": {
      "version": "7.0.0",
      "resolved": "https://registry.npmjs.org/frida-fs/-/frida-fs-7.0.0.tgz",
      "integrity": "sha512-95m7LCjuFMZObrR/37tlEUHAKC0UP82vWBtcaFntUSFr5MuqhoZG6FDCXKl58FhTf0SwOCYvwctCYPLV3/pHgw==",
      "license": "MIT"
    },
    "node_modules/http-parser-js": {
      "version": "0.5.10",
      "resolved": "https://registry.npmjs.org/http-parser-js/-/http-parser-js-0.5.10.tgz",
      "integrity": "sha512-Pysuw9XpUq5dVc/2SMHpuTY01RFl8fttgcyunjL7eEMhGM3cI4eOmiCycJDVCo/7O7ClfQD3SaI6ftDzqOXYMA==",
      "license": "MIT"
    },
    "node_modules/ieee754": {
      "version": "1.2.1",
      "resolved": "https://registry.npmjs.org/ieee754/-/ieee754-1.2.1.tgz",
      "integrity": "sha512-dcyqhDvX1C46lXZcVqCpK+FtMRQVdIMN6/Df5js2zouUsqG7I6sFxitIC+7KYK29KdXOLHdu9zL4sFnoVQnqaA==",
      "funding": [
        {
          "type": "github",
          "url": "https://github.com/sponsors/feross"
        },
        {
          "type": "patreon",
          "url": "https://www.patreon.com/feross"
        },
        {
          "type": "consulting",
          "url": "https://feross.org/support"
        }
      ],
      "license": "BSD-3-Clause"
    },
    "node_modules/undici-types": {
      "version": "5.26.5",
      "resolved": "https://registry.npmjs.org/undici-types/-/undici-types-5.26.5.tgz",
      "integrity": "sha512-JlCMO+ehdEIKqlFxk6IfVoAUVmgz7cU7zD/h9XZ0qzeosSHmUJVOzSQvvYSYWXkFXC+IfLKSIffhv0sVZup6pA==",
      "license": "MIT"
    }
  }
}
