{
    "name": "repl-agent",
    "version": "1.0.0",
    "lockfileVersion": 3,
    "requires": true,
    "packages": {
        "": {
            "name": "repl-agent",
            "version": "1.0.0",
            "devDependencies": {
                "@types/frida-gum": "^19.0.0",
                "@types/node": "^18.11.9",
                "frida-compile": "^17.0.0"
            }
        },
        "node_modules/@frida/assert": {
            "version": "3.0.2",
            "resolved": "https://registry.npmjs.org/@frida/assert/-/assert-3.0.2.tgz",
            "integrity": "sha512-JXJq5SbXGrM5EkjrZKfRmB29zOoEOix02NC6A5TSJ+C1GE/X051EinJJsuOO2pEOx7KZwpvAHvS0WXW0+levKg==",
            "dev": true,
            "license": "MIT"
        },
        "node_modules/@frida/base64-js": {
            "version": "2.0.3",
            "resolved": "https://registry.npmjs.org/@frida/base64-js/-/base64-js-2.0.3.tgz",
            "integrity": "sha512-2w0F+1TynOTCZ/v7du9LdHPWwq0lJhazjo2fF9upMyQmA1zHetT14fLuQ1v/6T0qPgyeEGkiSrybstU8EsgeUA==",
            "dev": true,
            "funding": [
                {
                    "type": "github",
                    "url": "https://github.com/sponsors/feross"
                },
                {
                    "type": "patreon",
                    "url": "https://www.patreon.com/feross"
                },
                {
                    "type": "consulting",
                    "url": "https://feross.org/support"
                }
            ],
            "license": "MIT"
        },
        "node_modules/@frida/buffer": {
            "version": "7.0.4",
            "resolved": "https://registry.npmjs.org/@frida/buffer/-/buffer-7.0.4.tgz",
            "integrity": "sha512-RxQ1lZRRiCJj7nhcCiD8xeJx0NsLpGGnjqsmTg7jShGmbnVFMN5W7+J+3gqdPSQhc/IxNBIWc6zRXVp4+qnYHg==",
            "dev": true,
            "funding": [
                {
                    "type": "github",
                    "url": "https://github.com/sponsors/feross"
                },
                {
                    "type": "patreon",
                    "url": "https://www.patreon.com/feross"
                },
                {
                    "type": "consulting",
                    "url": "https://feross.org/support"
                }
            ],
            "license": "MIT",
            "dependencies": {
                "base64-js": "^1.5.1",
                "ieee754": "^1.2.1"
            }
        },
        "node_modules/@frida/crosspath": {
            "version": "3.0.0",
            "resolved": "https://registry.npmjs.org/@frida/crosspath/-/crosspath-3.0.0.tgz",
            "integrity": "sha512-bNdO1spIPD2P40XtK89N49oZpJhstdlnkJZcD4yJ17jrdkm9Ctu0sd9MIEX6Z8Tm8ydhVJBAOMEKl9/R27onAQ==",
            "dev": true,
            "license": "MIT",
            "dependencies": {
                "@types/node": "^17.0.36"
            },
            "engines": {
                "node": ">=14.9.0"
            }
        },
        "node_modules/@frida/crosspath/node_modules/@types/node": {
            "version": "17.0.45",
            "resolved": "https://registry.npmjs.org/@types/node/-/node-17.0.45.tgz",
            "integrity": "sha512-w+tIMs3rq2afQdsPJlODhoUEKzFP1ayaoyl1CcnwtIlsVe7K7bA1NGm4s3PraqTLlXnbIN84zuBlxBWo1u9BLw==",
            "dev": true,
            "license": "MIT"
        },
        "node_modules/@frida/crypto": {
            "version": "1.0.1",
            "resolved": "https://registry.npmjs.org/@frida/crypto/-/crypto-1.0.1.tgz",
            "integrity": "sha512-WXTkVjESvX8TIVXIynJJv9BKSIdQP0Iis04StIXknkDi1ULdMlrypA9p5C4KW1H6GCkNsVnKbybpzsulYCTvag==",
            "dev": true,
            "license": "MIT"
        },
        "node_modules/@frida/diagnostics_channel": {
            "version": "1.0.0",
            "resolved": "https://registry.npmjs.org/@frida/diagnostics_channel/-/diagnostics_channel-1.0.0.tgz",
            "integrity": "sha512-mYX1jp/5Bpk24tHArJNx65iCk7qSuV8YJkdU0gFNVtJUXxfV8BG5WuPa4mL+ynxsbWWpsg/cwKZbLAepYKTdQQ==",
            "dev": true,
            "license": "MIT"
        },
        "node_modules/@frida/events": {
            "version": "4.0.4",
            "resolved": "https://registry.npmjs.org/@frida/events/-/events-4.0.4.tgz",
            "integrity": "sha512-qJVQ6VWHf9sjUKuiJzoCAC00frbpcwxeYfvQ+PP9LU/d70j+QvjWgYe98Qa3ekLaBU6r/AvWm8ThKCDUCLWrQQ==",
            "dev": true,
            "license": "MIT",
            "engines": {
                "node": ">=0.8.x"
            }
        },
        "node_modules/@frida/http": {
            "version": "4.0.2",
            "resolved": "https://registry.npmjs.org/@frida/http/-/http-4.0.2.tgz",
            "integrity": "sha512-cvkc7ex7GmVXVOWqtjXKBWUUbYEBgpNRKZbEEoMeI8KiIs8zejKwg+N7rx7296Ao+EP3+xcUr4wBVr3xLaUVfQ==",
            "dev": true,
            "license": "MIT",
            "dependencies": {
                "http-parser-js": "^0.5.3"
            }
        },
        "node_modules/@frida/http-parser-js": {
            "version": "1.0.0",
            "resolved": "https://registry.npmjs.org/@frida/http-parser-js/-/http-parser-js-1.0.0.tgz",
            "integrity": "sha512-2nMrNXt/OeTlWbqnE8AH4Sfz4I2+BGoN206dzKEyC/g2svtn83Xu+zuv/V3TkwrA27s26Mcy84ZwsXeNlqNxUQ==",
            "dev": true,
            "license": "MIT"
        },
        "node_modules/@frida/https": {
            "version": "1.0.0",
            "resolved": "https://registry.npmjs.org/@frida/https/-/https-1.0.0.tgz",
            "integrity": "sha512-OiqQ6qsALcWOktRLq07oJ0i6sH8eX6MXb/MdZS1qVKDRf6wchH4Pjn6fiLB+pt/OlYbggk+DOfpHwSdjTwuHMQ==",
            "dev": true,
            "license": "MIT"
        },
        "node_modules/@frida/ieee754": {
            "version": "2.0.2",
            "resolved": "https://registry.npmjs.org/@frida/ieee754/-/ieee754-2.0.2.tgz",
            "integrity": "sha512-wlcUebnne4ENN7GDr5pTH598ZDLMVOsh0FjenxeVOe6u7ewZkz9gGRnLnZKJAm9kl5G6XhdxhI0cSXVQK/rQUw==",
            "dev": true,
            "funding": [
                {
                    "type": "github",
                    "url": "https://github.com/sponsors/feross"
                },
                {
                    "type": "patreon",
                    "url": "https://www.patreon.com/feross"
                },
                {
                    "type": "consulting",
                    "url": "https://feross.org/support"
                }
            ],
            "license": "BSD-3-Clause"
        },
        "node_modules/@frida/net": {
            "version": "4.0.2",
            "resolved": "https://registry.npmjs.org/@frida/net/-/net-4.0.2.tgz",
            "integrity": "sha512-qQRe7hQ+ZfCcG/SE3P1TRqQ9bmuK/T7wPCYaT4z56rBPWAxsaQbQHpX4fR6OrFaSDr7X0xJLsTbdIp9hGhhLZg==",
            "dev": true,
            "license": "MIT"
        },
        "node_modules/@frida/os": {
            "version": "1.0.2",
            "resolved": "https://registry.npmjs.org/@frida/os/-/os-1.0.2.tgz",
            "integrity": "sha512-3ISAiGNiyIya3QN2EHBCz1wqP0enTdSxP99wUeroeh8+AQRmgoOr/5TRnrVry8pe378anay3fmV/tdUMMSkehQ==",
            "dev": true,
            "license": "MIT"
        },
        "node_modules/@frida/path": {
            "version": "2.0.3",
            "resolved": "https://registry.npmjs.org/@frida/path/-/path-2.0.3.tgz",
            "integrity": "sha512-2RQy36QatoC846fzBhBhV8sXMsSOBGoYvwTHeaE1zUdz7F4RNScP4QEekTTooBYWYX/XjiF36KQpYAzc9OYFtg==",
            "dev": true,
            "license": "MIT"
        },
        "node_modules/@frida/process": {
            "version": "1.2.1",
            "resolved": "https://registry.npmjs.org/@frida/process/-/process-1.2.1.tgz",
            "integrity": "sha512-nvCu22DstFW2ttGFtOKekHM7vnjbZm+XgtvavOt427GNT6uV7k0JYK9tnMbcLMRWv57DG6udAmuJlWs8Paq1ag==",
            "dev": true,
            "license": "MIT"
        },
        "node_modules/@frida/punycode": {
            "version": "3.0.0",
            "resolved": "https://registry.npmjs.org/@frida/punycode/-/punycode-3.0.0.tgz",
            "integrity": "sha512-XVSDY2KamDs1D5/fTVgHcOSNxdU4kTboxzqJMBbTjcQC7XScIT9c0EfbwKCq7Kci6gWQdsHSCr7lU+9Oc4KAdg==",
            "dev": true,
            "license": "MIT"
        },
        "node_modules/@frida/querystring": {
            "version": "1.0.0",
            "resolved": "https://registry.npmjs.org/@frida/querystring/-/querystring-1.0.0.tgz",
            "integrity": "sha512-15m1fOZPmoO/vWlgPJrG/J9/BJDz6a2/JpVGpS8ynNzo+fBhTznaStX5nHxUs24mVTqh/OqLo0EiYJM5WWHXxg==",
            "dev": true,
            "license": "MIT"
        },
        "node_modules/@frida/readable-stream": {
            "version": "4.1.3",
            "resolved": "https://registry.npmjs.org/@frida/readable-stream/-/readable-stream-4.1.3.tgz",
            "integrity": "sha512-ntGUFmi+CryRGRJIK13a/VST2Ad19uivbln8Xd92vKPAARq+6vMIASDyZIqyl5BLRccfiyCHdYgrgQ6RI5rUig==",
            "dev": true,
            "license": "MIT"
        },
        "node_modules/@frida/reserved-words": {
            "version": "1.0.0",
            "resolved": "https://registry.npmjs.org/@frida/reserved-words/-/reserved-words-1.0.0.tgz",
            "integrity": "sha512-2yG/XxJlsGlk/mm6eZTb4OAaQEhkTI2qaFfZFtAsrA/XuCpuMWkS4y/guyBlsRu4hAuhK2HPmNM8+OLLK1zM9Q==",
            "dev": true,
            "license": "MIT"
        },
        "node_modules/@frida/stream": {
            "version": "1.0.2",
            "resolved": "https://registry.npmjs.org/@frida/stream/-/stream-1.0.2.tgz",
            "integrity": "sha512-4OuaC1ztmEKgTq3WeBhsy8Oq+AwW9n9cYnvLklcC9jwD93AEwgbWpecLlxJCVuALvTMdhKPg0nQVfyGYP/i9Bw==",
            "dev": true,
            "license": "MIT",
            "dependencies": {
                "@frida/readable-stream": "^4.1.3"
            }
        },
        "node_modules/@frida/string_decoder": {
            "version": "2.0.0",
            "resolved": "https://registry.npmjs.org/@frida/string_decoder/-/string_decoder-2.0.0.tgz",
            "integrity": "sha512-in371tYZMHQiW9HF5MS3JDw6Ao6tyBoq34UWy2rzOswYyMG1rpizh85ofi/yVkxDiaqybEZefxzkVittpPGT6g==",
            "dev": true,
            "license": "MIT"
        },
        "node_modules/@frida/terser": {
            "version": "1.0.0",
            "resolved": "https://registry.npmjs.org/@frida/terser/-/terser-1.0.0.tgz",
            "integrity": "sha512-59h9WuNzD1Rx/zwoWqQ/FW/4Y/Q3R91Eng2hEwdHapqiTDvtKbZ08F6CynCR7ZVinrh4tLYsF46AtVPTz1ys9g==",
            "dev": true,
            "license": "BSD-2-Clause",
            "dependencies": {
                "@jridgewell/source-map": "^0.3.2",
                "acorn": "^8.5.0",
                "commander": "^2.20.0",
                "source-map-support": "~0.5.20"
            },
            "bin": {
                "terser": "bin/terser"
            },
            "engines": {
                "node": ">=10"
            }
        },
        "node_modules/@frida/terser/node_modules/commander": {
            "version": "2.20.3",
            "resolved": "https://registry.npmjs.org/commander/-/commander-2.20.3.tgz",
            "integrity": "sha512-GpVkmM8vF2vQUkj2LvZmD35JxeJOLCwJ9cUkugyk2nuhbv3+mJvpLYYt+0+USMxE+oj+ey/lJEnhZw75x/OMcQ==",
            "dev": true,
            "license": "MIT"
        },
        "node_modules/@frida/timers": {
            "version": "3.0.0",
            "resolved": "https://registry.npmjs.org/@frida/timers/-/timers-3.0.0.tgz",
            "integrity": "sha512-3b+0igv10aT8TMxefrTAd06rActqbxJLY2Xkkq9vYcPBffB/yHszl0NYIp/5ko8WC3ecDYPU6bQiY6fjs72zTA==",
            "dev": true,
            "license": "MIT"
        },
        "node_modules/@frida/tty": {
            "version": "1.0.0",
            "resolved": "https://registry.npmjs.org/@frida/tty/-/tty-1.0.0.tgz",
            "integrity": "sha512-p/kjLnKYxEAB1MdYP8+5rKv9CsHzyA+0jg9BcGETzjQVKHHcroHDULRxDYUh+DC7qs6cpX8QdDQh9E+a6ydgsQ==",
            "dev": true,
            "license": "MIT"
        },
        "node_modules/@frida/url": {
            "version": "1.0.2",
            "resolved": "https://registry.npmjs.org/@frida/url/-/url-1.0.2.tgz",
            "integrity": "sha512-ZKunbKJHMr8w2Eb/5K1avy0MzK1B998S17wYXNv3RmzBGxMm8S5T0F3qEpRxkU7/72P8m4izyQU87fWl+FjQsQ==",
            "dev": true,
            "license": "MIT",
            "dependencies": {
                "@frida/punycode": "^3.0.0",
                "@frida/querystring": "^1.0.0"
            }
        },
        "node_modules/@frida/util": {
            "version": "1.0.3",
            "resolved": "https://registry.npmjs.org/@frida/util/-/util-1.0.3.tgz",
            "integrity": "sha512-htcG3uDiRXv89ERVNNYhfase39kJ2X75ZARfrYcYEtJLFEsSk0nemM1YnEIR4CjrHvdvkWHrwgKkS+acOyoNEg==",
            "dev": true,
            "license": "MIT"
        },
        "node_modules/@frida/vm": {
            "version": "2.0.0",
            "resolved": "https://registry.npmjs.org/@frida/vm/-/vm-2.0.0.tgz",
            "integrity": "sha512-7fsjLWscZT5odNIBtg6qbLNI+vAk1xmii6H5W2kaYkMYt0vRohQEcDSUWacA+eaWlu5SvMjZI82Yibj/3G9pJw==",
            "dev": true,
            "license": "MIT"
        },
        "node_modules/@jridgewell/gen-mapping": {
            "version": "0.3.8",
            "resolved": "https://registry.npmjs.org/@jridgewell/gen-mapping/-/gen-mapping-0.3.8.tgz",
            "integrity": "sha512-imAbBGkb+ebQyxKgzv5Hu2nmROxoDOXHh80evxdoXNOrvAnVx7zimzc1Oo5h9RlfV4vPXaE2iM5pOFbvOCClWA==",
            "dev": true,
            "license": "MIT",
            "dependencies": {
                "@jridgewell/set-array": "^1.2.1",
                "@jridgewell/sourcemap-codec": "^1.4.10",
                "@jridgewell/trace-mapping": "^0.3.24"
            },
            "engines": {
                "node": ">=6.0.0"
            }
        },
        "node_modules/@jridgewell/resolve-uri": {
            "version": "3.1.2",
            "resolved": "https://registry.npmjs.org/@jridgewell/resolve-uri/-/resolve-uri-3.1.2.tgz",
            "integrity": "sha512-bRISgCIjP20/tbWSPWMEi54QVPRZExkuD9lJL+UIxUKtwVJA8wW1Trb1jMs1RFXo1CBTNZ/5hpC9QvmKWdopKw==",
            "dev": true,
            "license": "MIT",
            "engines": {
                "node": ">=6.0.0"
            }
        },
        "node_modules/@jridgewell/set-array": {
            "version": "1.2.1",
            "resolved": "https://registry.npmjs.org/@jridgewell/set-array/-/set-array-1.2.1.tgz",
            "integrity": "sha512-R8gLRTZeyp03ymzP/6Lil/28tGeGEzhx1q2k703KGWRAI1VdvPIXdG70VJc2pAMw3NA6JKL5hhFu1sJX0Mnn/A==",
            "dev": true,
            "license": "MIT",
            "engines": {
                "node": ">=6.0.0"
            }
        },
        "node_modules/@jridgewell/source-map": {
            "version": "0.3.6",
            "resolved": "https://registry.npmjs.org/@jridgewell/source-map/-/source-map-0.3.6.tgz",
            "integrity": "sha512-1ZJTZebgqllO79ue2bm3rIGud/bOe0pP5BjSRCRxxYkEZS8STV7zN84UBbiYu7jy+eCKSnVIUgoWWE/tt+shMQ==",
            "dev": true,
            "license": "MIT",
            "dependencies": {
                "@jridgewell/gen-mapping": "^0.3.5",
                "@jridgewell/trace-mapping": "^0.3.25"
            }
        },
        "node_modules/@jridgewell/sourcemap-codec": {
            "version": "1.5.0",
            "resolved": "https://registry.npmjs.org/@jridgewell/sourcemap-codec/-/sourcemap-codec-1.5.0.tgz",
            "integrity": "sha512-gv3ZRaISU3fjPAgNsriBRqGWQL6quFx04YMPW/zD8XMLsU32mhCCbfbO6KZFLjvYpCZ8zyDEgqsgf+PwPaM7GQ==",
            "dev": true,
            "license": "MIT"
        },
        "node_modules/@jridgewell/trace-mapping": {
            "version": "0.3.25",
            "resolved": "https://registry.npmjs.org/@jridgewell/trace-mapping/-/trace-mapping-0.3.25.tgz",
            "integrity": "sha512-vNk6aEwybGtawWmy/PzwnGDOjCkLWSD2wqvjGGAgOAwCGWySYXfYoxt00IJkTF+8Lb57DwOb3Aa0o9CApepiYQ==",
            "dev": true,
            "license": "MIT",
            "dependencies": {
                "@jridgewell/resolve-uri": "^3.1.0",
                "@jridgewell/sourcemap-codec": "^1.4.14"
            }
        },
        "node_modules/@types/frida-gum": {
            "version": "19.0.0",
            "resolved": "https://registry.npmjs.org/@types/frida-gum/-/frida-gum-19.0.0.tgz",
            "integrity": "sha512-qViK1KwvPEAkajwSUv0wpZvZLiX8xO4JFFCh8dfYZfzSyOEfoE0KliCP/nJSKIKG6N3hXnPowrvPufjs5fLKAA==",
            "dev": true,
            "license": "MIT"
        },
        "node_modules/@types/node": {
            "version": "18.19.100",
            "resolved": "https://registry.npmjs.org/@types/node/-/node-18.19.100.tgz",
            "integrity": "sha512-ojmMP8SZBKprc3qGrGk8Ujpo80AXkrP7G2tOT4VWr5jlr5DHjsJF+emXJz+Wm0glmy4Js62oKMdZZ6B9Y+tEcA==",
            "dev": true,
            "license": "MIT",
            "dependencies": {
                "undici-types": "~5.26.4"
            }
        },
        "node_modules/acorn": {
            "version": "8.14.1",
            "resolved": "https://registry.npmjs.org/acorn/-/acorn-8.14.1.tgz",
            "integrity": "sha512-OvQ/2pUDKmgfCg++xsTX1wGxfTaszcHVcTctW4UJB4hibJx2HXxxO5UmVgyjMa+ZDsiaf5wWLXYpRWMmBI0QHg==",
            "dev": true,
            "license": "MIT",
            "bin": {
                "acorn": "bin/acorn"
            },
            "engines": {
                "node": ">=0.4.0"
            }
        },
        "node_modules/base64-js": {
            "version": "1.5.1",
            "resolved": "https://registry.npmjs.org/base64-js/-/base64-js-1.5.1.tgz",
            "integrity": "sha512-AKpaYlHn8t4SVbOHCy+b5+KKgvR4vrsD8vbvrbiQJps7fKDTkjkDry6ji0rUJjC0kzbNePLwzxq8iypo41qeWA==",
            "dev": true,
            "funding": [
                {
                    "type": "github",
                    "url": "https://github.com/sponsors/feross"
                },
                {
                    "type": "patreon",
                    "url": "https://www.patreon.com/feross"
                },
                {
                    "type": "consulting",
                    "url": "https://feross.org/support"
                }
            ],
            "license": "MIT"
        },
        "node_modules/buffer-from": {
            "version": "1.1.2",
            "resolved": "https://registry.npmjs.org/buffer-from/-/buffer-from-1.1.2.tgz",
            "integrity": "sha512-E+XQCRwSbaaiChtv6k6Dwgc+bx+Bs6vuKJHHl5kox/BaKbhiXzqQOwK4cO22yElGp2OCmjwVhT3HmxgyPGnJfQ==",
            "dev": true,
            "license": "MIT"
        },
        "node_modules/commander": {
            "version": "11.1.0",
            "resolved": "https://registry.npmjs.org/commander/-/commander-11.1.0.tgz",
            "integrity": "sha512-yPVavfyCcRhmorC7rWlkHn15b4wDVgVmBA7kV4QVBsF7kv/9TKJAbAXVTxvTnwP8HHKjRCJDClKbciiYS7p0DQ==",
            "dev": true,
            "license": "MIT",
            "engines": {
                "node": ">=16"
            }
        },
        "node_modules/frida-compile": {
            "version": "17.0.0",
            "resolved": "https://registry.npmjs.org/frida-compile/-/frida-compile-17.0.0.tgz",
            "integrity": "sha512-ixJRj14qLH/Z0ckFWd5fKeDMm0W2+2WDpSGnLRgpn0nuCQAbDHRCqVCWtPnV8uzPJmA6XOX0pujsMpYe9q9RRw==",
            "dev": true,
            "dependencies": {
                "@frida/assert": "^3.0.1",
                "@frida/base64-js": "^2.0.3",
                "@frida/buffer": "^7.0.4",
                "@frida/crosspath": "^3.0.0",
                "@frida/crypto": "^1.0.1",
                "@frida/diagnostics_channel": "^1.0.0",
                "@frida/events": "^4.0.4",
                "@frida/http": "^4.0.2",
                "@frida/http-parser-js": "^1.0.0",
                "@frida/https": "^1.0.0",
                "@frida/ieee754": "^2.0.2",
                "@frida/net": "^4.0.1",
                "@frida/os": "^1.0.0",
                "@frida/path": "^2.0.3",
                "@frida/process": "^1.2.1",
                "@frida/punycode": "^3.0.0",
                "@frida/querystring": "^1.0.0",
                "@frida/readable-stream": "^4.1.3",
                "@frida/reserved-words": "^1.0.0",
                "@frida/stream": "^1.0.2",
                "@frida/string_decoder": "^2.0.0",
                "@frida/terser": "^1.0.0",
                "@frida/timers": "^3.0.0",
                "@frida/tty": "^1.0.0",
                "@frida/url": "^1.0.2",
                "@frida/util": "^1.0.3",
                "@frida/vm": "^2.0.0",
                "commander": "^11.1.0",
                "frida-fs": "^6.0.0",
                "typed-emitter": "^2.1.0"
            },
            "bin": {
                "frida-compile": "dist/cli.js"
            }
        },
        "node_modules/frida-fs": {
            "version": "6.0.0",
            "resolved": "https://registry.npmjs.org/frida-fs/-/frida-fs-6.0.0.tgz",
            "integrity": "sha512-I0fnKupZh7fU2ixwCIjJnEqNdhfm/SC1ZYBMy58EmeqOWSbjw1Dpy99mJ7BJdbk2KNXJeaBZGxDYLtn0J9S+UA==",
            "dev": true,
            "license": "MIT"
        },
        "node_modules/http-parser-js": {
            "version": "0.5.10",
            "resolved": "https://registry.npmjs.org/http-parser-js/-/http-parser-js-0.5.10.tgz",
            "integrity": "sha512-Pysuw9XpUq5dVc/2SMHpuTY01RFl8fttgcyunjL7eEMhGM3cI4eOmiCycJDVCo/7O7ClfQD3SaI6ftDzqOXYMA==",
            "dev": true,
            "license": "MIT"
        },
        "node_modules/ieee754": {
            "version": "1.2.1",
            "resolved": "https://registry.npmjs.org/ieee754/-/ieee754-1.2.1.tgz",
            "integrity": "sha512-dcyqhDvX1C46lXZcVqCpK+FtMRQVdIMN6/Df5js2zouUsqG7I6sFxitIC+7KYK29KdXOLHdu9zL4sFnoVQnqaA==",
            "dev": true,
            "funding": [
                {
                    "type": "github",
                    "url": "https://github.com/sponsors/feross"
                },
                {
                    "type": "patreon",
                    "url": "https://www.patreon.com/feross"
                },
                {
                    "type": "consulting",
                    "url": "https://feross.org/support"
                }
            ],
            "license": "BSD-3-Clause"
        },
        "node_modules/rxjs": {
            "version": "7.8.2",
            "resolved": "https://registry.npmjs.org/rxjs/-/rxjs-7.8.2.tgz",
            "integrity": "sha512-dhKf903U/PQZY6boNNtAGdWbG85WAbjT/1xYoZIC7FAY0yWapOBQVsVrDl58W86//e1VpMNBtRV4MaXfdMySFA==",
            "dev": true,
            "license": "Apache-2.0",
            "optional": true,
            "dependencies": {
                "tslib": "^2.1.0"
            }
        },
        "node_modules/source-map": {
            "version": "0.6.1",
            "resolved": "https://registry.npmjs.org/source-map/-/source-map-0.6.1.tgz",
            "integrity": "sha512-UjgapumWlbMhkBgzT7Ykc5YXUT46F0iKu8SGXq0bcwP5dz/h0Plj6enJqjz1Zbq2l5WaqYnrVbwWOWMyF3F47g==",
            "dev": true,
            "license": "BSD-3-Clause",
            "engines": {
                "node": ">=0.10.0"
            }
        },
        "node_modules/source-map-support": {
            "version": "0.5.21",
            "resolved": "https://registry.npmjs.org/source-map-support/-/source-map-support-0.5.21.tgz",
            "integrity": "sha512-uBHU3L3czsIyYXKX88fdrGovxdSCoTGDRZ6SYXtSRxLZUzHg5P/66Ht6uoUlHu9EZod+inXhKo3qQgwXUT/y1w==",
            "dev": true,
            "license": "MIT",
            "dependencies": {
                "buffer-from": "^1.0.0",
                "source-map": "^0.6.0"
            }
        },
        "node_modules/tslib": {
            "version": "2.8.1",
            "resolved": "https://registry.npmjs.org/tslib/-/tslib-2.8.1.tgz",
            "integrity": "sha512-oJFu94HQb+KVduSUQL7wnpmqnfmLsOA/nAh6b6EH0wCEoK0/mPeXU6c3wKDV83MkOuHPRHtSXKKU99IBazS/2w==",
            "dev": true,
            "license": "0BSD",
            "optional": true
        },
        "node_modules/typed-emitter": {
            "version": "2.1.0",
            "resolved": "https://registry.npmjs.org/typed-emitter/-/typed-emitter-2.1.0.tgz",
            "integrity": "sha512-g/KzbYKbH5C2vPkaXGu8DJlHrGKHLsM25Zg9WuC9pMGfuvT+X25tZQWo5fK1BjBm8+UrVE9LDCvaY0CQk+fXDA==",
            "dev": true,
            "license": "MIT",
            "optionalDependencies": {
                "rxjs": "*"
            }
        },
        "node_modules/undici-types": {
            "version": "5.26.5",
            "resolved": "https://registry.npmjs.org/undici-types/-/undici-types-5.26.5.tgz",
            "integrity": "sha512-JlCMO+ehdEIKqlFxk6IfVoAUVmgz7cU7zD/h9XZ0qzeosSHmUJVOzSQvvYSYWXkFXC+IfLKSIffhv0sVZup6pA==",
            "dev": true,
            "license": "MIT"
        }
    }
}
